# FreeBSD's leaf utilities (P4-21 checkpoint 4, docs/architecture/freebsd-parity.md
# §2.1), which base/freebsd_cmds/build.sh builds: each program's sources and
# page from bin, usr.bin and usr.sbin, the contrib code their Makefiles
# build (ts, ee, libxo's xo, mtree, mknod's pack_dev, libdivsufsort,
# libc-pwcache), and the internal libraries they link (libnetbsd,
# libopenbsd, libfifolog, libutil's fparseln). Fetched unmodified by
# //rules:pinned_files.bzl; base/freebsd_cmds/patches applies NeoDarwin's changes.
# Repository: https://github.com/freebsd/freebsd-src
# commit: 050683bb8e136981e4a1f66e845ab05c135630f4
# Format: shasum -a 256 (hash, two spaces, path). Regenerate with tools/pinned/lock.sh.
08cdd993b1badf25408bc04b2e88347d97025ced4e6f65b43771218e7a2fe787  bin/domainname/domainname.1
f41615c3b2d50dea6dcb64b5c53abd0eacb4f46c6de8c0e1a65ff1e42bb76c04  bin/domainname/domainname.c
e7d8916f446d2445e7466314f4a6c5d634254954743dece22066491aa875990e  bin/nproc/nproc.1
8619a5a30014201d128cd8a9a82b6e4739713bb4453b1db74c276c689539019d  bin/nproc/nproc.c
5fa2947639024f20caea7e4f981e2471fb72cab0258b88dc783b6e8f7178b2f1  bin/pwait/pwait.1
002901f8d5e412ae42c44c4890b579eb167b669ac8f6e74302dcfdc2a18bfbb7  bin/pwait/pwait.c
09305d31b435172d6fe450f043dca141ff030f2c5eb06456aa5097e37e634d5a  bin/uuidgen/uuidgen.1
be760c6f5a2825108dbc15482f51ef2ea2906ce5ad023498f6975574e1633289  bin/uuidgen/uuidgen.c
220511bbc5d65782eccef28aed3545b123eaaf238146140c3da87433fc9893fe  contrib/ee/ee_version.h
537c2fa944413f39a1f343faec98fd1fca5f0c8aeb8ccd943510b3e8e540d5c6  contrib/ee/ee.1
a5f14a9454938e15c690441579be22a5d7a90fb46b3c93807de251419c32081c  contrib/ee/ee.c
b573eb20f25be18d50bed81190a9d19a6a9fc7cde02a0f8bc2bb953962fe3959  contrib/libc-pwcache/pwcache.c
48a9fa984cac79e499c8440e2b2e45ab4407ae93432ba22ffdb0fd91616cb841  contrib/libc-pwcache/pwcache.h
bf8aa7e54d7ba7e3d7eab5fd4d5c032dbac8a6c4dce223d09c699c0e3a2c1392  contrib/libdivsufsort/include/divsufsort_private.h
d25839d4efe43c8aa60139fab833138471bfa296244bc5601d5c6127fcac6aaa  contrib/libdivsufsort/lib/divsufsort.c
4f37772021a9c5286c51f0494412e6f2d0b52caf1e22a059edcb2833178f9eb5  contrib/libdivsufsort/lib/sssort.c
96d37fa16f07544ab23f2629adaa490decbccef3a1dd221e204f19fcb15d20c9  contrib/libdivsufsort/lib/trsort.c
70d0814b04794934534d5b0cce63c35eaedf74f3f90f92fbe24186ca8fcf2ca0  contrib/libdivsufsort/lib/utils.c
fec50cd125ce643825dafe4a693a8e121971df15daef8ad1704b2a4b2bf9d9c3  contrib/libxo/libxo/xo_explicit.h
ce99879819b69243bcbbf1ed7fe627ffdad1310e5ea9ec95c69fb6c74398a596  contrib/libxo/libxo/xo.h
5e5525dea95ea78b4b64f2d7e2f2ddca977f9f7a460de0099d1ec83802b7eac6  contrib/libxo/xo/xo.1
9502575a1733a27f4f07681459676ac390ea9791fd12eddf79632e2f529a3ca8  contrib/libxo/xo/xo.c
e803eff4b1c7730ce1f318566e095e478edd7936956de7d27c3370680b578712  contrib/mknod/pack_dev.c
44f7be7958f2269dab1e5a7c3b27adfdf55573a705e3250c2dd8d4c6cc39bf63  contrib/mknod/pack_dev.h
d69f505f5c44a0330da77a096223c9c3f922c74c2d91f89574db74740e3e7618  contrib/mtree/compare.c
99925241c2de711d4b206d32ef7cd54e432c9b3388f75fe65f07bc61440256e9  contrib/mtree/crc.c
a81368e2a2e8972f1b85a7a9eb5057e382622f39d583d6d66fdc06b6d948fa2a  contrib/mtree/create.c
1c0eaca2705e6b81a96f804afa5257d1f930f8280fb989737dc22927976f5871  contrib/mtree/excludes.c
25dbde61f09fc9c786511aa68b96b69a64bdea991cf507153b31cadc022b824d  contrib/mtree/extern.h
a82b82a6763707a70cd323a7f00756b9bd07740e6f16b85696680c42d0f40244  contrib/mtree/getid.c
91317625d7c230586aad169bab1017004b4890e8c215c0354bda11a93b76db96  contrib/mtree/misc.c
49a6198379de3e46f6f0c80ac3cf72fc4f8ebf9ee3b2b6033be37a87678e70bd  contrib/mtree/mtree.8
bc5afdea93d6e3507e57a01b2ec8458f1201b8a55352b488233d7b1302e8fa10  contrib/mtree/mtree.c
5e5269c09acd6c59e92e7317d032190254c8274d2a8b62295b06bc4ed0ea9bbe  contrib/mtree/mtree.h
faee1515969d0e21323794bfcbc2daea71e27e09c9b2132cc422f93df4b56bbe  contrib/mtree/only.c
19b46c529d979258702d508fc7c01e17d49d0bedbdf27b49e1444cf7d83efc01  contrib/mtree/spec.c
c4ec1be49de6919e10b796656fc4e65d4c6f711b69a38353dd7f3254a7793a3e  contrib/mtree/specspec.c
ba29f0794aaa0cb5ae62e36fd7fac2f1bba6158159c709d74d2589f5a2539581  contrib/mtree/verify.c
85ed17769c9b8c3f1c58e726f96a25f61c038f31774cab63ff47b5526e5a59fa  contrib/ts/ts.1
6940ba91897f405d94fed5b559e0173b7405a22cf88b25834a0d6f48ff4fd02c  contrib/ts/ts.c
5ccac28a085ca7f1ff2c8e75e3098a12f2f03455266db4a9c9e09603a6224bf7  lib/libnetbsd/efun.c
f77cb9ddfdaecc1cb8b4488092841cd6c333161cb97496fa47c177cf70a66c67  lib/libnetbsd/netinet/in.h
d165c49a2c6de54d9b710d5be88a9b59e63ec95ac3a53c8a17e67e91ff50eee8  lib/libnetbsd/sha1.h
d3d21c2717cde6e99f27ead7325df4d6249e6c202ca238669d575d5a68017983  lib/libnetbsd/sha2.h
e53f1925025f03dddc66bb3297a13608414642b582af28bec1f2c5376ad9c510  lib/libnetbsd/sockaddr_snprintf.c
013c17738ca0340444555e2aa05c6422386a47be1ee7e62c8748dc4b6cc23398  lib/libnetbsd/stdlib.h
674bb4213a86959447d6f86b2571ce2ae71c217565c8dc159a0e3279d17d9183  lib/libnetbsd/strsuftoll.c
7e3b478ac37bc81b001b17003a195e62b9bfd32ae49fa9a578ea7944ee3efb45  lib/libnetbsd/sys/cdefs.h
466a55f04fc892ec7f3aafbcdac5bb2ecd900991058cafa92788140cf5546432  lib/libnetbsd/sys/event.h
111692d52e72f9c49fc8c89a5e1bf7b7b1b921dd9cc4a8dbea3325f9c736183f  lib/libnetbsd/sys/time.h
9f4966dc4d6e84f7bc6a5e7d6b90bae47c3915baf9488e7c0004ac5840634cbc  lib/libnetbsd/sys/types.h
c77d8ee5789fe13f79610a4cf7e7080ee4e0c8aaa3939a4e17f1bbe3655b9b83  lib/libnetbsd/sys/wait.h
bdb654348e9989de50d9a4ff7b23ee7de7d9f38f207803e5b7b27f024fd571e1  lib/libnetbsd/util.c
d55fd73817a1f3982f77128ccfb454c411ac91c21cabab0685d3455f5ab6a2bf  lib/libnetbsd/util.h
3c9bef09e143e060a9d0d9c6d75116503c15e90111251c9c82b1c0803f3566e7  lib/libopenbsd/ohash.c
3f2139019afbb3b388d6409d4573f68bf930867f2b17a9c94058f75947a77313  lib/libopenbsd/ohash.h
5d23a6390761ee080ac7bd66d0acc172ed6ff49733df4ebb5757a2d20a44a6b9  lib/libopenbsd/sys/sysctl.h
a6a329433b4a9eb6d5ef91d24c115adf2ff7d58fece35dd6c3993b382549d8ad  lib/libopenbsd/unistd.h
5216c3c719235d9f928bceb47cc93c2541df7bee196d4a065084262760b00861  lib/libutil/fparseln.c
16d2dd9e0bf470d3fbe3790eeab59d2d51fa3b1d7b0af3305be95ab4d5269e6c  lib/libxo/libxo/xo_config.h
9c7592f4de79646fa2fd04fce35d55a13fe2818b0dcaf16dc7ee76a7a341bf2b  sys/fs/cd9660/iso_rrip.h
22c93261c8e726c8175ec2654aeb59bb63911aea8ecde4559b4692a32a7a5951  sys/fs/cd9660/iso.h
77266973f3d62ef2e6d2a5a595f2959baa2b56af9d298df8597fc5caf69f73b6  sys/sys/tree.h
accc646d376de08b406bbdceaa266ca20d39fae285e62f4095fd36ec8e8728c2  usr.bin/asa/asa.1
7d9722ea86e05e716500f47852f950fd3f5bfd961e38639c54884f56587ca0a0  usr.bin/asa/asa.c
211d8baaf659df18939b46e64cc9e327451c133fcec6abe01214644b79676644  usr.bin/bsdiff/bsdiff/bsdiff.1
2f4aff0dc36ca9a58371f96f01a591bbd89059463da0bd93972a481cdc4b97fb  usr.bin/bsdiff/bsdiff/bsdiff.c
98375225e193a01cbd6ab292036d9f0e6bbb9c52a8ac364cb0a5dd13abdfe769  usr.bin/bsdiff/bsdiff/config.h
134e0076544ed9b8cb340e5de149a1c20bbccbc5871f384ce28068a836a2a43f  usr.bin/bsdiff/bsdiff/divsufsort64.h
e52b85169a11c72f582bad81d061cc8e9c1e0cbf454f4ab79eb2927dbe34c267  usr.bin/bsdiff/bspatch/bspatch.1
e703f01aa5ba2902179cebbeff9df22f3069498dc94baffb18549f38182c592e  usr.bin/bsdiff/bspatch/bspatch.c
17ba5d871d5db1a26277b1cea24bc227c7f0d6ed5e108c8a0153fb74db76d9e7  usr.bin/etdump/etdump.1
a75a51eb0e5742d014bef2c563ed4d7e2dc2bc2193ff9e4919c9e7099fbd5686  usr.bin/etdump/etdump.c
0392e5389aadeb16538822ca54fefaec370b10d041ee5fda28b00b514d2fae1f  usr.bin/etdump/etdump.h
c874fe5db34c9a7979f65cd9e6028cf39702de035b4747195e318b84354ae35c  usr.bin/etdump/output_shell.c
b8d68f49b7d55c74f12250ef2c4a7037b80e0ac5aa1b41e80d999c30b2c38d24  usr.bin/etdump/output_text.c
3d1f2cb06acf5dec47119534656bb27a7f0e0a057dbaafc607a1976560e0cfa0  usr.bin/fsync/fsync.1
3548ddd9f44667b7e216151b62af550900da99d57d72bfc3c93c6bbd17f99d45  usr.bin/fsync/fsync.c
4ee743a77c34a4764d242f95cedc4d70c949e7f1b00309a6aa933731b2052a52  usr.bin/getaddrinfo/getaddrinfo.1
6865e1948466ceb09e4fa6a84b744e83e28878ba2f04406705be7d64be693999  usr.bin/getaddrinfo/getaddrinfo.c
9a4ca356f5b7077eedfd09dd48b32517353ca15cd225456237aa793d4a0e05b3  usr.bin/getaddrinfo/tables.awk
a5a0bcf78bba3fc07ada5631770161f0afb604ac45644399e56ae0e993e267e0  usr.bin/ident/ident.1
b3586f7b36b8b32dc3b8464a92c23f830c427fd6f1679c57f81a6cd23d91d6e1  usr.bin/ident/ident.c
fb027a4dc559e03b141de925a10efd584478fa30e309a2db5c88f4f40e1b6e86  usr.bin/lock/lock.1
cb4a0fbe094ad5d7c1be923e52beda45268b23fa2ce51756258d0525fc33362a  usr.bin/lock/lock.c
b6c1098b9503d84c82026b619f32dd0bdf5b5a6a31d53e82484676488385f32b  usr.bin/m4/eval.c
89fc16bea32988198ce2a3b0f2ff598d46b89c41c68d946714dc780080dda604  usr.bin/m4/expr.c
7b673c49807da0832b98cc58533f47f1335c28947f00d16a1b74ff253bd5629b  usr.bin/m4/extern.h
8badf0b4905389c43c297289e0a913dcbbdc2d52a69a4e1db9551dba56601732  usr.bin/m4/gnum4.c
8ce8de2c117a2b28abfd017f2551a988f0c09b416eaa81849fef61713bf8ace7  usr.bin/m4/look.c
a6e8496b0f6caf116fc5723719a58eae65b3a0cf098a7bfe40648b51b79dcca8  usr.bin/m4/m4.1
7a9b6991aa8fbe37ce66ac7ac0943103bd570c13961942848ce51c2bc1a31d50  usr.bin/m4/main.c
de0fb512532f2056dc909492ced61f47f012b5b03ddd02218e3ccd5267161059  usr.bin/m4/mdef.h
7d90e50d73acc8b52d9126e4d1c7ee7faa2c3dde7f117febb9451787b24f4fdb  usr.bin/m4/misc.c
795ee091e38855bd6a328162fc12ca0bb506e802c31fb1ac9708fa8e0a44d6d5  usr.bin/m4/parser.y
254c7fd804b1794a5e1c85ceafb285b667373f848fb4e0300d1fce1cea36a95b  usr.bin/m4/pathnames.h
10879c821ad8010e7952405fbf09c2eef6ddde042d5efb50dc561bc40dddc22e  usr.bin/m4/stdd.h
8a75344ed2161898bb918f5230e3e59adc02b4461a542a3917b8ac2621d775c2  usr.bin/m4/tokenizer.l
521fac5ac306fe4ef730e89ad258c73c086982f2ec32343b42388d75c1e1a4b9  usr.bin/m4/trace.c
32846869bad29840e9ed9b39ce0113550a2ac2578b965f0c453ef2e384e1ef53  usr.bin/ministat/ministat.1
2965e7b0dca5da2a8d2a53e9ecaf1359f3dddb780c94d836dd402b9b67e1c239  usr.bin/ministat/ministat.c
0235c4535f6924123832dd0aef4be254253242fe9e353432417a83b855ae3e76  usr.bin/perror/perror.1
354a68426254fb1c84e808d7bfe7db2f267bbf8b51b9118c048718d27431ccd3  usr.bin/perror/perror.c
b2bd03787e955f32b400427da07efceb73ee431525e017f802d82e8a980783c8  usr.bin/resizewin/resizewin.1
2283070f4cd4fe5c51a86d6f53e58d16b6e7d02cc04bb33b264f401e133ec4ae  usr.bin/resizewin/resizewin.c
85498805d2c198f107da1e826080637c5026d810cdbc2db6b49d9a75cd1f3e5c  usr.bin/revoke/revoke.1
1138ab216e4d1398e725cda4faeea3047d398ef17e4f36aa7b1f94dc61b1a9c5  usr.bin/revoke/revoke.c
1ba8c437a1d34c18610630392cf98b0066131f6324f3430ce990a2d1ebf91b61  usr.sbin/daemon/daemon.8
b44585bb8b3cd7e99d752ad517dfc1a0eabfd65cc2b93bce5450051dfa301ad1  usr.sbin/daemon/daemon.c
d496965ceaccb8d40e193358e048af19a0064b971088b021bd2cfca2c6b17aad  usr.sbin/fifolog/fifolog_create/fifolog_create.c
7956914fd6904f5cc0e1b8b46a940712cc66f5909b903d75e3df56c15af29b97  usr.sbin/fifolog/fifolog_create/fifolog.1
7c02b9d0bbca7e235934cc40889f6753b8b8a76ebae1c2b4b5989ca02a77b43d  usr.sbin/fifolog/fifolog_reader/fifolog_reader.c
1d2212d2c0490b0c8c621bb7902460e18061c9e2f9d2fe47ff5b0436b7f5d7bc  usr.sbin/fifolog/fifolog_writer/fifolog_writer.c
eabc31eaf900f413b30899c6dac6c5d4ad3ea4cabc8c39a35a3799150567d39a  usr.sbin/fifolog/lib/fifolog_create.c
d122082fcfb5eac10da0b75dbd9406fffe1a6bba3e2e691d7cdb1ec16a9fc3e8  usr.sbin/fifolog/lib/fifolog_int.c
724d9b8984a0bfc09849a5dd7cd2ee778487f7d55a79e16d835f74149bf259cc  usr.sbin/fifolog/lib/fifolog_reader.c
d766561c0fbffaa19053c946f6445dfe384c53f93d0486f3de269b06a74188aa  usr.sbin/fifolog/lib/fifolog_write_poll.c
570fcd03f2d368b7f2751c6c295c37c44cb4563f082d9d7822031645e1181a7f  usr.sbin/fifolog/lib/fifolog_write.h
e9f872e9c3b3b52bc0efff1c3ab53e2d23352aaee235669672250d980dcd05d6  usr.sbin/fifolog/lib/fifolog.h
490b0db7b2e68bcf4af4a4040c53dd4d7ba1f8a5e8621693013b470c1c37ef12  usr.sbin/fifolog/lib/getdate.y
98723378b41130ec2068c081d6cbaefc7352c821c1e71385455ec599e88049d3  usr.sbin/fifolog/lib/libfifolog_int.h
27e2a9bb98286afe1874d384f52badf983963cfdee0108e5fdb700d90849c5bd  usr.sbin/fifolog/lib/libfifolog.h
84297c98330cd488fdd1a0e5fa96987355aa5f37ab096df94b4f983037f1afa3  usr.sbin/fifolog/lib/miniobj.h
dcb394a9865ebb8f65a4a6d7f70c83a4f7633941f5a5f6c5cdc7f2e90ae4a922  usr.sbin/makefs/cd9660.h
ef9923a10afe03338f27f1bf4699f85494ca37d7aa563f696752b0de849140dd  usr.sbin/makefs/cd9660/cd9660_conversion.c
9f6423b1c5b00eb9a956d740f998b4684c4639f5c506200ca71c595261e01d35  usr.sbin/makefs/cd9660/cd9660_eltorito.h
babf6a114116ca721eee7d0ecd336be630db88b56182054b614b3e02267c8f47  usr.sbin/makefs/makefs.h
08a1bc92e4b9bd3fe793d58cc0e06765648a6fa2fe595ffc7cfffd5cc829e905  usr.sbin/nmtree/mtree.5
81a5e051ba0fee45a9c69b7d5e24dda3c8ae8a9e72a25bce8027d6dbbbcf1c09  usr.sbin/wake/wake.8
592ace5bd961f58d97e2567b8a7d7f8220065aaabef8c15a1f8cf4a82567116f  usr.sbin/wake/wake.c
