# The FreeBSD test framework (P4-21 checkpoint 7, docs/architecture/freebsd-parity.md
# §2.1), which base/kyua/build.sh builds as FreeBSD's lib/atf, libexec/atf,
# lib/liblutok, lib/libsqlite3 and usr.bin/kyua Makefiles do: contrib/atf
# (libatf-c, libatf-c++, atf-sh, atf-check), contrib/lutok, contrib/sqlite3
# and contrib/kyua with usr.bin/kyua's config.h, and tests/Kyuafile, the
# auto-discovery Kyuafile of /usr/tests. Lua is @puc_rio_lua (base/vis's pin).
# Fetched unmodified by //rules:pinned_files.bzl.
# Repository: https://github.com/freebsd/freebsd-src
# commit: 050683bb8e136981e4a1f66e845ab05c135630f4
# Format: shasum -a 256 (hash, two spaces, path). Regenerate with tools/pinned/lock.sh.
0d082aed951c91dd197af5d6113d7be8b9c1afe5eb423a724808baa366d7edf5  contrib/atf/atf-c.h
100355b2e1d8f33fc30f442ca7d6fde4d1b8e12eb60edd4c8e3b5de2c1868f1a  contrib/atf/atf-c/atf-c.3
f9d9c44f70b456b490563230eb6a2793048ee65d46292b1c99dd9b42754cc82b  contrib/atf/atf-c/build.c
a6dfd73ce3bfab0759b6a28ca5bd9dbd6690e2654e2361be753ab9ff0f7f1117  contrib/atf/atf-c/build.h
11200c7f8e494119d7cb6712d8cdac918efab19b7bf0deade27b16cbfa668e10  contrib/atf/atf-c/check.c
c30d9ea553cd808c5ed18e3c57500dc820ed4258aae923c74a318a3fb0833a82  contrib/atf/atf-c/check.h
4dea8271e76dd2139848a1996ca6071d0b583cb49a9a5ad14071efc961642c3c  contrib/atf/atf-c/defs.h
8e46ed97543cca101fc7fe79b9cd335b4945cc771ad604ca710659ae4d991bf0  contrib/atf/atf-c/detail/dynstr.c
0691a35b1025032893154aec8e4b17b3b2188ca156339bbe8b43f5492dc89f38  contrib/atf/atf-c/detail/dynstr.h
6f512404565a2b7e15cef395b62f429b99355188978912765fc55d77cb9bad94  contrib/atf/atf-c/detail/env.c
b1bd670a756222b1a15710425968cdfc40dce68510b099d3d99dbe3d7c6b390b  contrib/atf/atf-c/detail/env.h
20126dfbae85aece1969bb9c8c6eb4c8bb6b7ea1261538c14b0cbda2c027bdf2  contrib/atf/atf-c/detail/fs.c
f912a8fc46eba470da6e04d5186d7585e7f6b5f0e9cebe4f3c15a8e5e59bc61b  contrib/atf/atf-c/detail/fs.h
286ec4cd6bb807151ba4d18ba2618f7d5fc4d378859a99ad1a3f924b559edefe  contrib/atf/atf-c/detail/list.c
1d5905ecf4cf6b26040417d0d5733f4742241a549f6bf8d9e38c1fc332fe77c2  contrib/atf/atf-c/detail/list.h
52f73a7189ec00f054dd114b53c3f94396b253b42bd4c09d88edd9e944e578cc  contrib/atf/atf-c/detail/map.c
2f96b60bab2e73de46147349899878072990b3cdd62c175badc98e40bde01b9b  contrib/atf/atf-c/detail/map.h
eebe4e4737bcf276a0a85c2f40f6ade4b0fcc6b5c0edc14171d178714844711e  contrib/atf/atf-c/detail/process.c
f994c76352da4b0fb30088c448b25d0771b270dac513a125824c77a6efe34bdd  contrib/atf/atf-c/detail/process.h
93886af5de0171567e9face7c42640430e949d40678899c7d05cf778b7c85b22  contrib/atf/atf-c/detail/sanity.c
72fc5e8b7ed823a1dc23f04219ea436c4fbc3e0476595db14786521e4737e58a  contrib/atf/atf-c/detail/sanity.h
b22f3c53dcdb469ae197093d5882755095dd967d717f2fd48e53d805007a5bca  contrib/atf/atf-c/detail/text.c
22f5487cc4b58d3aa919d783425c298e4b0f00bf84c2f664695fc3e9d21965d8  contrib/atf/atf-c/detail/text.h
23ded858e76691e2d762b81a943560121017e24a8eacfaede09f83b3da624b6e  contrib/atf/atf-c/detail/tp_main.c
8da2879a8d6cfd7e0de0d502c1d3b4d4d79e3d1d410cc556a85f1bf0505a34d6  contrib/atf/atf-c/detail/user.c
46557cadc36fa8d9f59879f7a826280a9379e87dd697305ce0b0be49c1e2adbf  contrib/atf/atf-c/detail/user.h
30ef8dcdb330fa9d4f141d19a13fa1a3351ae052fd188e0669267e23ec5f80b8  contrib/atf/atf-c/error_fwd.h
7eb378953ad2b54572089de7f6c1abc2ff7f0d4fa07a6232d897a492464ad210  contrib/atf/atf-c/error.c
8f23fbb03afd6fd1cb87df35b2c4bfb803f389d98be34404bc7568f41170e6e3  contrib/atf/atf-c/error.h
9e1409d5d2c60d1f95c2eec8d144f9eda9c43e16237108540c5f9790d6b5f22c  contrib/atf/atf-c/macros.h
33fd4b09fda369c4ecbd7f5ec10ae6ee1944cdc7d84db8a4a71ec50510af54d4  contrib/atf/atf-c/tc.c
06a9d935513db15c5f8b12fddf6c53087511ec3aa92f74293a58ead9a1f056b7  contrib/atf/atf-c/tc.h
41cbc058f3266ef27270bc0cee868d67ac118c12d4719643b5cb71f46a346fe4  contrib/atf/atf-c/tp.c
c9f979c343a4ce48b0d3096f3b5bf1a234d3311ff4f59856689adbd5e26334c2  contrib/atf/atf-c/tp.h
892c5822151cf6a1aaa9a003c2d5a96b05d21c44eb02342ad15a0d8c4f7f5fee  contrib/atf/atf-c/utils.c
dfcbe69faf03bc29713f4d8137126763fe057cd134bfcf27ec1d282eb92480e1  contrib/atf/atf-c/utils.h
5ac2d76b8748596ad5e85b66b93c57d448d26df30a354b4f937e3f88beea31c2  contrib/atf/atf-c++.hpp
d5ca2ba0f00cc85d4a93d62ff5a76af501c1366a620c6894f47e036b34a9a0a6  contrib/atf/atf-c++/atf-c++.3
df5a503780adf871355b07cec3c6c8c3d8eabd5548a45e667b38528fe289e1c7  contrib/atf/atf-c++/build.cpp
bd277d6f0fec2e00ae089c0cae61a4d7d2a3dd914a2df71e4e4efb5423a6fe53  contrib/atf/atf-c++/build.hpp
9883016cf54508e40d300a72689a21a4f527f5c9312394c9df6e5ce1e1bbd6f9  contrib/atf/atf-c++/check.cpp
b9a11335511d51f0eb08158d6ddd87cc31332e8e065023bd2c3f7abed8eca343  contrib/atf/atf-c++/check.hpp
d4c65b048216e290994e3c70731e73381929e659aeb561221dc521963145d084  contrib/atf/atf-c++/detail/application.cpp
5ca26648dc9d4b81305beb46e82f96e7af49bb339e4b88c7550a013ad2bebf78  contrib/atf/atf-c++/detail/application.hpp
75e0a88deb3a2d26b579cc4f888ce98186a53d8d2b5de4a47f510bffca7a4fa1  contrib/atf/atf-c++/detail/env.cpp
ee0e57ed272da177a5209bade5a681ab2a954faa697b8f9e02eef3eb553c2034  contrib/atf/atf-c++/detail/env.hpp
80026eea1e04a65cd58d62673bc27b480054f9addbcb2dab1fe7f6b63e6d1e7e  contrib/atf/atf-c++/detail/exceptions.cpp
da932bd350914ffab9b26acc552cc212c861f4203c3fb6835227580af8d8e950  contrib/atf/atf-c++/detail/exceptions.hpp
3c4486c6803558cef7adb9379a98b177b24962f9b8f67ce738fe4dcb961ce2d5  contrib/atf/atf-c++/detail/fs.cpp
ecc901527bebb1a48d5a25cf3840f8c3246d525efe09077f4f7fc95347677cf0  contrib/atf/atf-c++/detail/fs.hpp
0fbcb5041900cd7edba52a35b9b33bff574fc1ae25c429b8f65576f4a4317b2b  contrib/atf/atf-c++/detail/process.cpp
e1f06b03eed6d4bc76e36a3855be7577003e2df046a68f4d58c71d01eb414178  contrib/atf/atf-c++/detail/process.hpp
c6bac489cbaa4dc4477f8959bf12078a8a76602cdcc857908d491ec9d62d5c5d  contrib/atf/atf-c++/detail/sanity.hpp
cc746f71bd6087585144d40043548b7f383ad11365b48fc96bbc610a2b3bb94d  contrib/atf/atf-c++/detail/text.cpp
c135e63087c11ae122678e10a4038f0319091a5826d78c104e841875277c0e41  contrib/atf/atf-c++/detail/text.hpp
6276a44a3e6ee07e0dfc145892fe72dd561a3e59482a8a9cc1140dbe344062c7  contrib/atf/atf-c++/macros.hpp
75218a4e0143772cfb93ec123739ad25c4eee469da0592379fb04a59c611bf19  contrib/atf/atf-c++/tests.cpp
d55f7724bb2dbd7313ae799c1041fb693cd0be6166020bde0f135b5f6de82aab  contrib/atf/atf-c++/tests.hpp
d83b493f06322b1ecc7b35da5afaf5870631884735a58696226d30753fd63f0e  contrib/atf/atf-c++/utils.cpp
9f52f22240669191734f0500f14f0e77fb07c01a2c60b544f4de8e8f9d735e03  contrib/atf/atf-c++/utils.hpp
1f7b058c751c66d5c6973039d9091de8380dc128e06a189b0b614630667fd4c4  contrib/atf/atf-sh/atf-check.1
5665f64cdcef705f76c7e28593d1be549165f35709a2233c06124e8101973b97  contrib/atf/atf-sh/atf-check.cpp
944a1c3967cc138661cc48cab31baca229afa2dfa99fb548dacdce7815d0486d  contrib/atf/atf-sh/atf-sh.1
43ace42acf69670cdcfef42ef03ae0e4e9e6f253cd859188bbcf2b0c68938b53  contrib/atf/atf-sh/atf-sh.3
4767533eb09438d1b5b4355b4fd855fe3c608a35dbce83840aee5785f328f192  contrib/atf/atf-sh/atf-sh.cpp
cdef966e5a3a8c3af63597231f2d9f8178fee3737ea7f801dea6b388dd9c6840  contrib/atf/atf-sh/libatf-sh.subr
ac2e81168f23475c1857b321c0e63dd1420a2bb811a6c0dc0a67c146cb2228c6  contrib/atf/AUTHORS
2508e8206124bedf9404b175adc34c3e8b02fc3098755022f1a0c2b53e0041a3  contrib/atf/config.h
2a15172ddf6386297734c9800c899e6e8dc16c5a03931dcf95a9ab321a24cfe4  contrib/atf/COPYING
fce9f320d6a20d36d30e8cb9a4a73cd789f6b133a1145f30dc24d7ce1837db01  contrib/atf/doc/atf-test-case.7
a6bd27c2baa80c4b53c9047dac4e54436563a45e21c8ba9b8ee52cf98167ba0f  contrib/atf/doc/atf-test-program.1
c7547b018ef544894d72abfbc224e63ed0d89df54fbfb08ff12c640c0088f51f  contrib/kyua/AUTHORS
5c939d30ca8b4ccc84874d79a38817e8e523a8a78f2be87e0c31161d36f986cc  contrib/kyua/cli/cmd_about.cpp
4659c3bd2d59700b5632f663af5619ed129757de663c3aeb26d6b803a1bb2fd6  contrib/kyua/cli/cmd_about.hpp
cca38755cec3af6afdecfe5414ff6b87c087a315a9e634fd5de700c00bc7ebe3  contrib/kyua/cli/cmd_config.cpp
a888c0044f2e95cfb1fc5f0aa4eb402a12fe9e669e26e48f2c13b1bc0741c37f  contrib/kyua/cli/cmd_config.hpp
136f68e4210fae0085c49d0e8c743a054b15643c9b4ff0b804d5043ed1886a1e  contrib/kyua/cli/cmd_db_exec.cpp
dbc4d5ad9da182638b94cfb2c42e4653ccd0506f8655a2d042cad081b7c48aae  contrib/kyua/cli/cmd_db_exec.hpp
52f9f6512ade1736217bc716dd3849fac18e24f64ee07aa17a4995409cfbde6b  contrib/kyua/cli/cmd_db_migrate.cpp
bddd635a10651b75dd87dd8cb44b54ee3b770ba2c3561bb61efcf9aaa2d08f8d  contrib/kyua/cli/cmd_db_migrate.hpp
4c4bd32b2e624958f42fdc52d12f9f6113e2ca9edce4da2c2549b5029208d87b  contrib/kyua/cli/cmd_debug.cpp
33eaf5ff6af70c0fb98a8ba89b5fb4171ebd81f63cd6c39b9795c2e011aaa0ad  contrib/kyua/cli/cmd_debug.hpp
5f24a9f97d5f18255b0e52b8638bb18ebdd5999d56a21a63f178f0fd161dd816  contrib/kyua/cli/cmd_help.cpp
2889f51d6c58335abbf55db5408a13868bb56315a4f12e03e88ef591fcf33575  contrib/kyua/cli/cmd_help.hpp
6efda2efdd0b288d54b9b9dad74d01f136a3bc0266e1bacd0a7ea05041033937  contrib/kyua/cli/cmd_list.cpp
017abb7bb206c14a740f76c2536c9ba022d107987ccfc04cfcf74eb4172db8e8  contrib/kyua/cli/cmd_list.hpp
666088aad4891937e4277bbb13d0e78394daff12f35b178803ccab42c2928897  contrib/kyua/cli/cmd_prepare.cpp
fb956c327155fc349a4b8ca29f331b001d5663a14086b09942874d8ea7c54ac0  contrib/kyua/cli/cmd_prepare.hpp
4361f9db05435885867bca1878157c5dad40f31526b15d227498035db11bcba3  contrib/kyua/cli/cmd_report_html.cpp
0b6396b19e66e4cd1081cf0c18c0324ad6497bb44fea3bb5bf61b5a646b1ec23  contrib/kyua/cli/cmd_report_html.hpp
b719cac771cdebb2cb99caa44a48d7b589f97c6f2ea236143a463adca7c9f20d  contrib/kyua/cli/cmd_report_junit.cpp
686b9e141e265c86ff08b671ec0248c346edec1be40bc87d28fbeb2b3eb06e96  contrib/kyua/cli/cmd_report_junit.hpp
d0b1caca404d154e6c394928446c13857bc3e3e0b5492783b1d74ae491692227  contrib/kyua/cli/cmd_report.cpp
2647557ee402ad46deed54b3bd3adc7d5ca56718f8aafd37c3969da0537d6284  contrib/kyua/cli/cmd_report.hpp
cc7167be018beaf925ce78fb157a060e3375792fc5d7f5590eb566f2b9aadc4e  contrib/kyua/cli/cmd_test.cpp
dc76b72e95f7185861fa1188914e78ce61df476e0b29fa26e8e5c29dfffa458d  contrib/kyua/cli/cmd_test.hpp
8b94b5d2f074d05e774d35aa2b785aa1d45d21be26ac36db056e2916fcbbd765  contrib/kyua/cli/common.cpp
e362f33747c14717ba2eba1a6a3cc535f43f8f5ff0c4d3b55369f695b6267250  contrib/kyua/cli/common.hpp
294b2a404935be6b988a68d628877d034b3377c083c16e98c69b08a88d53c1f1  contrib/kyua/cli/common.ipp
70276eed45a26458a070dab1c9bb2ccd068f59176d07652cd7da9199963cde6f  contrib/kyua/cli/config.cpp
e7b48d00eaa60b2f6a8b41bc9c71aec52e8a1057a7733021bf0440bef709ea69  contrib/kyua/cli/config.hpp
c170da98b35a14580891571a1c95f8bc7f9f7bd7188290605310fbf1d02bee1d  contrib/kyua/cli/main.cpp
e638315d9c4db78ed5ed30bc2cea5e4c25ce27e94d2d10645661ce56351b6577  contrib/kyua/cli/main.hpp
1944ec50c936bc259f32027da855105ae9c87b5f8e8fe34c916ecb9d39c5b231  contrib/kyua/CONTRIBUTORS
b76009ad66764f320476a7df96baa864ef08bbdd64960a7d4c469f2e808b43fa  contrib/kyua/doc/build-root.mdoc
6cfb157ca7eeee1e203a36fbbabf80a596c6d924d8f723f0e229df6347e6dce9  contrib/kyua/doc/kyua-about.1.in
56cc9089564ef80494376cf9865c6b8da14e9baa135cb4e16a07a1e2a73afc03  contrib/kyua/doc/kyua-config.1.in
27590b3762d07240a430ff3becf1efd56fd5d7b37caeb6befa54f70742e2a80a  contrib/kyua/doc/kyua-db-exec.1.in
893785a29d7259f4d1f4e8e1a7095263b18b81ae68bb4c41ea31bfb72ffa262f  contrib/kyua/doc/kyua-db-migrate.1.in
16c0f4a844f710704759226f26186feb97029a1315fe060ec00ec2da9f85eee6  contrib/kyua/doc/kyua-debug.1.in
f335dfb03d87093fc81ccad3f9129316c7c219752ef38c7543ea7fd2cc2b1d18  contrib/kyua/doc/kyua-help.1.in
80b3fb15bd899865981f3e4b572a7fdab80da69c72b055f2f0e300eaa37da037  contrib/kyua/doc/kyua-list.1.in
463a4407f923c99d44ed2fda61ef5c9b4ec160ef7e7fa80791ec264d8af4365b  contrib/kyua/doc/kyua-report-html.1.in
9f9579761a9aa58dbec082d568f484b8781d30becc832a30785aa8377b1f3128  contrib/kyua/doc/kyua-report-junit.1.in
56145484ca8a3dd78d68c6cf066e6a3a3b424b49facae5ee6561934825e86bf9  contrib/kyua/doc/kyua-report.1.in
0f588356290549fd0c9b4a4b7d5f72917aa33d2feb140a29ed292b90240a3971  contrib/kyua/doc/kyua-test.1.in
2d8ccc3a1cd0cb64b23a8d7cbe7ef6ac83b578b1dc26f783ba19e99956bc5fd5  contrib/kyua/doc/kyua.1.in
ec512f8424f2193bc620d7a419bf958782e46ed7fcec09826087e3e99627302e  contrib/kyua/doc/kyua.conf.5.in
3a17b2b5633c9bbb997500b8faa8fb615726f9d750db26bdf88214b670b626be  contrib/kyua/doc/kyuafile.5.in
809633da6c2d6b3d3dd2614c8f07ee36e4e90d92c4374af4eed1dd9144d20e4d  contrib/kyua/doc/manbuild.sh
8dfbc538af4f532f0c03619750911aa643bb94b14ccca8bea22e120a582dcaaa  contrib/kyua/doc/results-file-flag-read.mdoc
eec5a98ba7096331c1695154685ef761a0684b85624cac7bfc95894cb8508e78  contrib/kyua/doc/results-file-flag-write.mdoc
932f21285574298112db3fbf4fe9b1655dbee3adb50a961d72e47b7911762f92  contrib/kyua/doc/results-files-report-example.mdoc
3c5c5304f37fe33046e119f5ac357a0fba94e8497f229242193679c53daedd60  contrib/kyua/doc/results-files.mdoc
746aa079ee29a14705db3565497e4281a2049d687e0c561fd712068fd7ef8741  contrib/kyua/doc/test-filters.mdoc
f95436991f999b2646ee38fad0bb18b3224169a59d9d9c127c5c78f24203c82f  contrib/kyua/doc/test-isolation.mdoc
55df5dbdb6e47a87bf91970f136ae4da0de7bb19b284e4da94e246d353210312  contrib/kyua/drivers/debug_test.cpp
8aee80bd2bb6cc4660cdefc072c5ab09509d6e8414d0d38808742487c9fced67  contrib/kyua/drivers/debug_test.hpp
ddf5235687e5a169693e34245614efba1c2f2f654ec6301ff9e339c3a2666ef2  contrib/kyua/drivers/list_tests.cpp
7898f6e4541a89d018fda32fab6117e7ff62e6ef6ae344bc9f992eb6b3684f22  contrib/kyua/drivers/list_tests.hpp
d0c25e55ff3fab3c0aca30680e56bb1362bd445a5255e1e8fcd138527d3f27a1  contrib/kyua/drivers/report_junit.cpp
d0f533e68e303274db258370ba8acb3a7095de3810ae39f8385f9b9074a6275b  contrib/kyua/drivers/report_junit.hpp
f82a30f430af68114d12869527bb3ac1093913513515494eb015ee30ed2b70ad  contrib/kyua/drivers/run_tests.cpp
f3c8fa364ce6ece0ed215011e37c22c2938a8bdbed1100df0584e9e3024ea404  contrib/kyua/drivers/run_tests.hpp
e7faa984cbd28e1456fa182cd766dd8ed8e4002345be3dd65c771fb8dd018f2a  contrib/kyua/drivers/scan_results.cpp
bee371bfaa26d890cdf81488f678bf1df4e8e958c5be6a1f4209230be797794e  contrib/kyua/drivers/scan_results.hpp
02633a84682c29d706569347161159c7eb32802501666fec38152b9eb9dbe6e1  contrib/kyua/engine/atf_list.cpp
f9aaab03fae335541594d157197ed6406136995f53b2dbaafa8261fed1836c27  contrib/kyua/engine/atf_list.hpp
4dfd9bdea450deb1cf0541a5f7d5795d7315f5a5f00b3b5c1376786db5772262  contrib/kyua/engine/atf_result_fwd.hpp
92bc212438e8a74fe5865e7142bcaf19c31c72b3e8cce4cd43e46d75030138c0  contrib/kyua/engine/atf_result.cpp
7b4d45131be1e3ec1e7f3f5bdbda6b5f5cf742538663754f3d439b19dadd31b0  contrib/kyua/engine/atf_result.hpp
50acb6f9b97194fa7b80330df46ad230f5458b1df504d053988f6d6eb94537e5  contrib/kyua/engine/atf.cpp
0bcd76f6226efce990e430759055ea8d73044b089f8c5b26a165343fdf4cf17b  contrib/kyua/engine/atf.hpp
cad16d5222e059fcfba5e8be2163ce6af94b306baa3959aec769d08ec25e991c  contrib/kyua/engine/config_fwd.hpp
48772ef5ae29f8fcd365165e7d006b0e9c204447b70943e23fc88772f5d8a492  contrib/kyua/engine/config.cpp
04869b39973b7b630bc97ff19e1acf149c15aef840d7af504e4f957d735f0099  contrib/kyua/engine/config.hpp
d6aea10d013d5a1f9ddfd99b54f108e28d8933cc2fa77c745d91900e4f8214a1  contrib/kyua/engine/debugger.hpp
37860f992cb072c77d8468e8e00ef911339f3d0edb9c6e1a2ee75e2f509436fa  contrib/kyua/engine/exceptions.cpp
81e9aba41d0993f42ad3f7dba14a58b099eb4cadd87df179724fddf6140ec10c  contrib/kyua/engine/exceptions.hpp
5c71379fdd81568726c796a1da20dda097800693a979a63b118e457fb2e3c333  contrib/kyua/engine/execenv/execenv_host.cpp
65f2f30de1fec4fa9be4b4537a8cbb5efd2362c3b39b69ecb23c5d39f3f369cf  contrib/kyua/engine/execenv/execenv_host.hpp
940cf369c63b5b261e33cebfd363c6a8ccf1ada6fc5859b268b7a4e96fb70ff0  contrib/kyua/engine/execenv/execenv.cpp
32fe4336e7c087aa9e7362ebfe8cec27476f3022a7048bf789346e3ebe0100cf  contrib/kyua/engine/execenv/execenv.hpp
f924bbb18fcf4cb6e031c3c56222355c30a64f57be9b54817735bdfbc2f8e3ca  contrib/kyua/engine/filters_fwd.hpp
20ab215efc834dab1a0a240092bec2d3433d49385a2b0a3f1bc58763b90e81e2  contrib/kyua/engine/filters.cpp
6c6d53cb5b7c90414c63675f8f3d40f3ac6ee1c2344e8f1d27bc1c85ad36f069  contrib/kyua/engine/filters.hpp
80c49790ad0212fcfacbd23ced3688dc21d001a9bcd259c27be86e43cd6b0e54  contrib/kyua/engine/kyuafile_fwd.hpp
6ed299709fe9e3a180273373b2e786eb72e34859fd720ee84acd2753b68322e0  contrib/kyua/engine/kyuafile.cpp
9facb74421eacba6d4aa9f1bb5563dab69821d9df6babf6efeaa2b9cf7db8d37  contrib/kyua/engine/kyuafile.hpp
09ff6769234f36539b5ef3a97e4569787f2eb94ff2c867a676a990ee16b7620b  contrib/kyua/engine/plain.cpp
dbc62ca6894d150d52006a4746bb549a3f496d9c48f28e3f4e668027768d7b32  contrib/kyua/engine/plain.hpp
40b2869460a5b2eb71c34a0713f4faf1b93699496317a73a8a0d48014dca7ad8  contrib/kyua/engine/prepare/prepare_all.cpp
6758250c42febe1c7b050c34c4a97749011fc493028b6a6c4253e4a1030ebeeb  contrib/kyua/engine/prepare/prepare_all.hpp
1f706ba2880119349ba9f4dbade852efe98b2eedddb04de39d1dc5909a6b0247  contrib/kyua/engine/prepare/prepare.cpp
be22ab3a64c1f724a524a3eeecab96d51de8358f5d1d03cd3a448c1c5b48af19  contrib/kyua/engine/prepare/prepare.hpp
a466a01e2b9b3bf4f201bf4ac01fbf603e327bf2560b774a899d148a986d6cca  contrib/kyua/engine/requirements.cpp
05ba1e671ac98c62c26ede4658705da5cb2210dcf4d91b78f016324c2b1de163  contrib/kyua/engine/requirements.hpp
e079360e264633751789908e7f1338f7a7890cbc77eedb991dd00ebdfaec720c  contrib/kyua/engine/scanner_fwd.hpp
1ace2d3ef4fc5222849ce2450f8eb06b6fa9612fdacf70b8677e9da290258b20  contrib/kyua/engine/scanner.cpp
5dd0b0342b73144235b7630b06fa1b938ea4af6d9a6287efbfddf79534094c9c  contrib/kyua/engine/scanner.hpp
0bc5cf3a2d0892e4cf93d25f759af2388e5366afe32d6ac4b9dc67aa565ac387  contrib/kyua/engine/scheduler_fwd.hpp
c25fb71bb3bb038b347f4f409f575d8451501369f289aa671c333a6f526d3be0  contrib/kyua/engine/scheduler.cpp
1d2cad2c47641c7ae71e6e3cae16a4aa0651d0a66f58606cff8a0fd0754c3d2f  contrib/kyua/engine/scheduler.hpp
6bb7e28107735170461fbf99199f301198d6a211bd67e4e50548682c1cf7e8e0  contrib/kyua/engine/tap_parser_fwd.hpp
d744417e0136e00573af07e0721fb1007a98537b0dae4a9e6055561476fe4326  contrib/kyua/engine/tap_parser.cpp
9f9a23993e0877da2daf6572f6100ef5d409908f7f5fbc6d45e5a3555a066fe5  contrib/kyua/engine/tap_parser.hpp
21ecec82b9b34074d9bcde52aac1981789b88a284805defaf6364129b8344dc4  contrib/kyua/engine/tap.cpp
a3e2d5996e41e70d8be6f5e1d41e3be3eab64fd44aa642678c1551867fe899bc  contrib/kyua/engine/tap.hpp
0cc13938fbbcaa40513fbaf0c0e11dac14363255558f42de8b7800ae6c4d88c1  contrib/kyua/examples/kyua.conf
afb26484708f180205de7854e5b475ce1a92eca863c7e22c63cbe65f56c75ef7  contrib/kyua/examples/Kyuafile
10dcf65717dc8348d3fba4d16806d6576f2209670823396b5cf5200dc0c3ae42  contrib/kyua/examples/Kyuafile.top
72dc54a29f5fc1ab482c892a3b90e8910a78a0ab0e68103576f25188324228e8  contrib/kyua/examples/Makefile.am.inc
1446daba799dafcc5dfe3dd557177dc251d76103051a03f6f1ce23ab1c75ef2e  contrib/kyua/examples/syntax_test.cpp
a6a8f43f6d2ed9b801978cc012cc816c4a9421a6dcea0579d3a40eab4b349674  contrib/kyua/LICENSE
de25aeb54ee9fb9a1b10a3900340becc8cfd181e51bcceccda029b3e1b5d0fb9  contrib/kyua/main.cpp
52b7b7340f5ccd144b3925516ca286e95dd0432327ddcab13b33d3bcb4821698  contrib/kyua/misc/context.html
d977e61e6f937c29b8d1f6975d20a5f956a50e52fea6e57486988a6017a2d01d  contrib/kyua/misc/index.html
54b4ab513b891f34348ac47f9705c606d1e90861dc3d0087c10fc8ce754a5057  contrib/kyua/misc/Makefile.am.inc
d529b53b50f60148bca781d8e83a0d1481f6b3d9633bfe7fbc2a414398b80a7c  contrib/kyua/misc/report.css
ecb44e8e4e33dca561fef3cb8afd8d386efd45702697ceecaf9cccca6e23d6a7  contrib/kyua/misc/test_result.html
e7f58dcaa107c9bcba34f98b042585a3fd7c6d017d257eb62cc7e1fa6e11eb76  contrib/kyua/model/context_fwd.hpp
18475985748af8d22c8cedfc38a95bcbb056e8792cdd4e79b59b2ca9d74845f5  contrib/kyua/model/context.cpp
08042686559dd5809ab960c6d6fa9a76b6c92e4ad1d4f551355e4f4a77b9e67b  contrib/kyua/model/context.hpp
dc93bb45ad4707f1ed83dc61a7a656a13a8a7a230d52f3eed9018a4640a7f67c  contrib/kyua/model/exceptions.cpp
edc9ff3aedaa2a3c4368c0a799225280c268ba1e33b071402fb4e6f2edee454a  contrib/kyua/model/exceptions.hpp
04c592b21620240bc68b25235caac506f35157c1ada93f524ab629f1c43a9f78  contrib/kyua/model/metadata_fwd.hpp
76ad2f0d815b12cc1eac8844351f9c66dc087074fbdbe0c92fb6e624f4657ffd  contrib/kyua/model/metadata.cpp
f3ad485265ef1c939cf216e17ad1e345cb67d2393bb2432b7b230c422d70ddc0  contrib/kyua/model/metadata.hpp
f5077477c1ea1107247248f025b9b64b1b8885dffe392dbc81e42ee739a1ebdd  contrib/kyua/model/test_case_fwd.hpp
e8c79f8bb859ad594f97baf83106413677c828862cdb92335ee12e1c9eeb4db9  contrib/kyua/model/test_case.cpp
35e31a1f102c149d96a370b16c34c9a85126e0873b93cdd13952c4d127a93a5a  contrib/kyua/model/test_case.hpp
21fa79a37f80fb0d48b08aa9386df68dc80e2e64f3c55a374b0245f6c6ee9029  contrib/kyua/model/test_program_fwd.hpp
c9ad211d95e90c81eff3e11b44e1e2e6f11a9e82e9d04e9e2461e4f068127f57  contrib/kyua/model/test_program.cpp
3ff9239a88268c1ba86311739576bf4da64d677e9aa9ff53625f51546ed16250  contrib/kyua/model/test_program.hpp
7bebf8e88b2ac1d2d30376d1e38bc4e421e18be674f78650c0d5ee7bd06195b8  contrib/kyua/model/test_result_fwd.hpp
b7b4672fda27fd23152614d5b809e087565d404626c70f66890b9051f6c10ae0  contrib/kyua/model/test_result.cpp
ea7043601874009d6f815559ef82d2e965ad347dec72ecf3feb4fd1e3fcb3cd1  contrib/kyua/model/test_result.hpp
1a62e82f111eaaa2850465169805588778e5308f16f85c25687fa41cfd1bbac9  contrib/kyua/model/types.hpp
1bff6980e5bd2b84e2b5fc377daddad9a2215e7d0f56a7035f2894a03c894cf4  contrib/kyua/os/freebsd/execenv_jail_manager.cpp
6f796fdf56a3b97f2a742c226d07fb9a0d2fddeb82c3c7364f9ccd3383cbf59a  contrib/kyua/os/freebsd/execenv_jail_manager.hpp
b906d3ab6ea73792059108eb1e4fc903fbed93e4f4258b6043e3d1040f6823ee  contrib/kyua/os/freebsd/execenv_jail_stub.cpp
ef78e0ce46233be6f3de5ba8c719c2d1b4ad4b4d90c4e7e1bfc7b1016bca84df  contrib/kyua/os/freebsd/execenv_jail.hpp
4fcd1cfd50262735c86e930acb9b8c7dcb8dff31c003749cba4d098e82b64ebc  contrib/kyua/os/freebsd/main.cpp
167befe2bfa9a676059ed763d1ac67238f50ef52e8c9a8eefb1ce3ad830c7b48  contrib/kyua/os/freebsd/main.hpp
5c0af90bb3be9d239d6a55db45d834c3ab7e246702bf32b153673c47026a82fd  contrib/kyua/os/freebsd/prepare_kmods.cpp
9859aa55998362422f2acf23de1705aca2f8c80099cad6ac95dbe196d88e7f87  contrib/kyua/os/freebsd/prepare_kmods.hpp
19dd2388b2de37de146631e17df7b1400968d229812e6934c34c7567de1f1f1d  contrib/kyua/os/freebsd/reqs_checker_kmods.cpp
6d17ed5e44db23f108c09cc1deec1b855a0e8769dc6ac031252f0cb50cb1d7ca  contrib/kyua/os/freebsd/reqs_checker_kmods.hpp
eb71afafc7019b86d6bb566f3d9eb14bc59378dc80f1bd4d363b03c175e1ce07  contrib/kyua/store/dbtypes.cpp
28d9fdb771cbb4a2097c5739c9ad71c91da2372d5338cd157ba0e6fb866ed9fd  contrib/kyua/store/dbtypes.hpp
2b921b3142bbf824dcf9be9dddcf0a72498ffdfb1eea87e9a4708666eda1b20d  contrib/kyua/store/exceptions.cpp
3d639f429605ae180ac17829f4c00e8b19389d3fa185b17b93c5fadc74a85427  contrib/kyua/store/exceptions.hpp
748d3b59774f239a86563fe7f879573df131cbd91578c811af63c4421a26fd36  contrib/kyua/store/layout_fwd.hpp
dbea76b2e44025afa7973819332728446b6913e3fbcb452819bec21792281550  contrib/kyua/store/layout.cpp
fe2af48be5e95a2c4e00ff889a93b96223813b6071cc7bb4b900a40b97748a33  contrib/kyua/store/layout.hpp
1badf36b8db2cd7b05eda0f95f6de8c0b3c3a6d75490011c7d673982427d3e50  contrib/kyua/store/metadata_fwd.hpp
fb01a3b071374b2e774be671745b031f93fd0c2126c5d848bb198808d1f3d596  contrib/kyua/store/metadata.cpp
4e0a0b4133a761a248ad595e6d87aa095b9a458d0f73e0a0c1db368bb0ba3320  contrib/kyua/store/metadata.hpp
ea2f9c83be9ee35221e90451aa74050d54d9236184fefdb814341d9b11d72e4c  contrib/kyua/store/migrate_v1_v2.sql
f3d5700b1313241e5ec34e862a8d718c5617ec7e7a44e25ad1772a1d894ce077  contrib/kyua/store/migrate_v2_v3.sql
e36f65f8b2292dfe41528a0f6aa963c3fe2c79f712e376574d42562dad22321d  contrib/kyua/store/migrate.cpp
c6c9c1b275832ec1822b063dab479cddb83be0e8631bee727059d4450ba49168  contrib/kyua/store/migrate.hpp
8fc24717548acca29d50879e840e34779473fc67ab7192d70206409722e404c2  contrib/kyua/store/read_backend_fwd.hpp
1c52be00dcbdbbae190273df0e8c6dc9858bebf8e66245479b00c003a5938e87  contrib/kyua/store/read_backend.cpp
f38bab980658218254b7681a583d388aa7a8e9b398b819b135fa53b8a767ed12  contrib/kyua/store/read_backend.hpp
8e62f5a9c2e70bf80b6cd80428ac4ecbe93e706f141413526819ce5dea16fa48  contrib/kyua/store/read_transaction_fwd.hpp
23370c5141e9b5f037e98057addf500c3e5d0e165ae831d53e775a401ef94e16  contrib/kyua/store/read_transaction.cpp
a153e873ac5e0c1109cc448701aa3ef647473599cbd9bfde2af17ace60524f9e  contrib/kyua/store/read_transaction.hpp
c5ef9e69fe200f66aeced0a6bd65931b4078a4b3c064f5b06dd19ff99a86b484  contrib/kyua/store/schema_v3.sql
684abe133328df1d39264524453e3592d0496316c4228e066fc8619461c4618f  contrib/kyua/store/write_backend_fwd.hpp
fb8a83ccbd607c23daf1ecaf735dc64984c0353c447e7a2596c4d7fc5d81f4d9  contrib/kyua/store/write_backend.cpp
798c8212799ac6d0865b72b6192506a574f11169c5cf498558449eb43a4c5fd1  contrib/kyua/store/write_backend.hpp
d0ad366fa60bec5258daf896b821b346f90c5e637c340272bcb2fe37c8187be1  contrib/kyua/store/write_transaction_fwd.hpp
6953e9d918693550124efcd936e971b129fe553dee3c924ce9a2682171066c92  contrib/kyua/store/write_transaction.cpp
28b7eaedd7db0bd716b88e1f3998964d8389ee71bb68d07c0d4bdbb057d3b53a  contrib/kyua/store/write_transaction.hpp
8750295bb9e0b51eb0d099e4fce790745da902991ae53b64dbb66e4884ee453d  contrib/kyua/utils/auto_array_fwd.hpp
bbe7f0e14d8f8cf57797493481aaac69fcd8786a896f10aa51a66ebe1128359b  contrib/kyua/utils/auto_array.hpp
a99898f59aa4b2a3edf2444c5ed77ca0f8c22cf8e1d5a5d4039659cb3ee84cbd  contrib/kyua/utils/auto_array.ipp
0498a49383fc6342636587039a66b0d8cbbb71372dd72a1b88d0132214a13d67  contrib/kyua/utils/cmdline/base_command_fwd.hpp
c5c0f93b409e0f2a369ea4eb291fc4e84df08e4354f1d9b377cfa32eeaa1a6d0  contrib/kyua/utils/cmdline/base_command.cpp
340627002cc39e2da44cba2fa5abc8b772699a8590917eed244ee8b5683c31ac  contrib/kyua/utils/cmdline/base_command.hpp
dc6c1e607f5b4a7571f91970d3a8c46f3027389c036900247c2898d7f8cd9c68  contrib/kyua/utils/cmdline/base_command.ipp
d0119b808bffc24c2825bd5610e53071f51a87b5e6b775fcc3daed871a4e4afa  contrib/kyua/utils/cmdline/commands_map_fwd.hpp
a608926523af1681a761c229c56afa65b42c5b7b95fc360c8059b71204e49abd  contrib/kyua/utils/cmdline/commands_map.hpp
3601d4e07fb6222a908422f536ca4ba377b7fa80249ff0e29c5951b5a0536225  contrib/kyua/utils/cmdline/commands_map.ipp
0f01dbcdd0ef062de13b4a5e643a26a89494b576a83bf2a707639bfb3ce50280  contrib/kyua/utils/cmdline/exceptions.cpp
07a971d5ca1bde0d81ebe5ad32d463d17f81849d131eae6fd959ec04fc68906a  contrib/kyua/utils/cmdline/exceptions.hpp
a8ec2acd316a5b14d4e8528d278ff0e80671e62ec8297c6ca7645ac2cb224c74  contrib/kyua/utils/cmdline/globals.cpp
93de3db5b72f2b66689b38caae49a543e8b4959f818f25faae3c44428ebbc2a0  contrib/kyua/utils/cmdline/globals.hpp
9c44efad17e9f25c0876f0b8ea8b33b58d8763104ff01f37fd960512090b34a7  contrib/kyua/utils/cmdline/options_fwd.hpp
61dc83eedc6f4d10895c1b235bd772423fcca03b9b7d63e1cc2e2dafce530120  contrib/kyua/utils/cmdline/options.cpp
e6a0eb1e56ba456f66dfddf1d5d7507b67917483ffadbb218f7301e2238d63ae  contrib/kyua/utils/cmdline/options.hpp
85bb63397d46199021300e623ff6a856bf686532ba7244d69e4ceaa5e881b08a  contrib/kyua/utils/cmdline/parser_fwd.hpp
566eab6bac79e10e2cc2ac71811d998b5e8e878afe3bc556fa8420cc4fa17c68  contrib/kyua/utils/cmdline/parser.cpp
ab2ef46a715f2d5524fcee0a0831fe3dc3dac192baca5b838fbf13566c3d5c21  contrib/kyua/utils/cmdline/parser.hpp
c2222e7f3414f84ce53f8cee8583595a1a00fc6b80e700ce16105418844affb0  contrib/kyua/utils/cmdline/parser.ipp
df453a219112482723d5732af0524da5176e1ac0c711d79c6f2eedfc9df75cb6  contrib/kyua/utils/cmdline/ui_fwd.hpp
af148842e790e74113662b51430604001cd513d315d6ba80ef3a65d27a8e30e9  contrib/kyua/utils/cmdline/ui_mock.cpp
c1ebcfb5320dc90833b671f4d2114d56a733dfe776a89b300efc6474371031db  contrib/kyua/utils/cmdline/ui_mock.hpp
acc0e07be58c22ef86ae02e5c6e0dfc8b72514effe74c1d4d0e2d74870be98e8  contrib/kyua/utils/cmdline/ui.cpp
8d491dba18446e455744b277caa749b509f6a424bf9880e96453f8248a019dce  contrib/kyua/utils/cmdline/ui.hpp
c4923dc4aaa8594ba67ad9e002a4e5265172a96040a57098212251ef0faa3d22  contrib/kyua/utils/config/exceptions.cpp
c2759f7d41a00530134fc257a28fe1eb82787c391b4658e6ba775d811d02829b  contrib/kyua/utils/config/exceptions.hpp
b608e8ff46286a847475ec9bfcf58b0597d5f7e9bacb0a565424174cceec6930  contrib/kyua/utils/config/keys_fwd.hpp
933456ec4cce22df6717e2ab125fadf09b6adf047633f65925ff9496b5292518  contrib/kyua/utils/config/keys.cpp
2e3a018d7b42cca38b73523cc5ee27d33f90ed7ba7dc50dea4e95ba2c7ca7dcb  contrib/kyua/utils/config/keys.hpp
607d0c3d5a2e08f4eb2b68330b7e74e1eaed1c330f6de32376b5ee349aeefecf  contrib/kyua/utils/config/lua_module.cpp
948aa2480ead843b91c380a41ef3d88950f17497925ee3d6dd6ea04d13f94be8  contrib/kyua/utils/config/lua_module.hpp
7ead9448acd9ff004044a06bb83e3bac0adb864379023f055ba6e151c50654fa  contrib/kyua/utils/config/nodes_fwd.hpp
3ce3e5d673b3e59d17e09906545df062c82e491ae47cb0ca5ea344a04aad4ec4  contrib/kyua/utils/config/nodes.cpp
bb05ffbdfd35f7158753d9cb165c3afaefd8b6beb655b6b31e63073d22e1e90d  contrib/kyua/utils/config/nodes.hpp
8700b48f9fc1db65103aaee6d6230dccfe0c703c2ef5872f821f990ff2d30cd5  contrib/kyua/utils/config/nodes.ipp
eed60a3fb8a4b6dc6892acbba7bc61b9f74bb64e40c89a37934c7a6265cea141  contrib/kyua/utils/config/parser_fwd.hpp
a5d3c67a16f87c4a0a67efc33ce1119f6061da8c5bf95b47ebdea0bd65ead1c7  contrib/kyua/utils/config/parser.cpp
e615fb3751def7fb2579a9e77af7b61c1932ebcc1dd545fdeb1bf7b45ae8ce66  contrib/kyua/utils/config/parser.hpp
9fe0ddd2d24e9ed072240c583bef7894aad40c5cc26bc944dc4c70b78550e154  contrib/kyua/utils/config/tree_fwd.hpp
aec67675ee715b233946cf11c6d468065fdb4be785c634acc24fce3c6683a41d  contrib/kyua/utils/config/tree.cpp
d642ea8521df3a57e8aa762b61a552bb42c481d48dc53e128a8a6a471d31e4f3  contrib/kyua/utils/config/tree.hpp
f7597c0fe6d576db63a573d570bf60453d78348243de94bbf965752c2f5ab90a  contrib/kyua/utils/config/tree.ipp
91d9e90baf23362adf2a0580c1bc9bbee5d45d4e67682c552a8ffdfb9e4ce75e  contrib/kyua/utils/datetime_fwd.hpp
20ab6d957d773f6a33ec7fe3158866e53605704ea70950286f6bb3370c72258d  contrib/kyua/utils/datetime.cpp
b18f0ff52a38efd300b25e4f8b9f81ba5ae926b0a2feb908da38b6a561fd70e0  contrib/kyua/utils/datetime.hpp
9b15fb73ad50ec6cac9e1a28e20245d2e2e0b49e2c515dcadcfe6268da7b99f2  contrib/kyua/utils/env.cpp
c8c98462907269a1c46d3fa04416f5d8efbbf8694a6254954e9af7ccb6b51e82  contrib/kyua/utils/env.hpp
dfcdea830ce86fa773a664822e881558cafd004f374d044f349ea0c1254cb9c7  contrib/kyua/utils/format/containers.hpp
40b5635290d071cc3534b0d4c278aba7a211b740e82f54843bcd3aa166f56c6b  contrib/kyua/utils/format/containers.ipp
51e10e054476f7eaf6f8da5a3f9e885ef6a05d3018358477e2798f56d5af2f68  contrib/kyua/utils/format/exceptions.cpp
02b06d6f7a8ca086e6c580c0596ed796ccffd6b7b8fa2d76eee65accbc85ce5d  contrib/kyua/utils/format/exceptions.hpp
ca3a1c47db453e3f98f36e17411fbe1c2434f8e2bce33a572b655a23300bb34f  contrib/kyua/utils/format/formatter_fwd.hpp
4ee02fb7ed54af7d95dc18e61012726cf8c3e5672b07b48ec665d4cb72887c93  contrib/kyua/utils/format/formatter.cpp
226d341cb32567820934a2c9579e07de69ef5dd7eee753607c35afb65906c6fc  contrib/kyua/utils/format/formatter.hpp
6c00e4e0c8bb735071cdb1c21b68912f4df49753e36a7d7f5954d32701c84b2e  contrib/kyua/utils/format/formatter.ipp
f6818d78bfe9a8d8dd9e56bde8b3ee61cd01d02297acb99ccfd8aa4264a9a0f9  contrib/kyua/utils/format/macros.hpp
3e56388d103ef37598feeaf81f44362996a6a049f5cc7f57eb08b0324598af4f  contrib/kyua/utils/fs/auto_cleaners_fwd.hpp
bb5d243b2624deba92fdf83ee9c54f9d4fd6c745a781df44560a7050fc5e8dda  contrib/kyua/utils/fs/auto_cleaners.cpp
82a938639e47d331e981fd122d88a56ac42a61d34ede3993964aa2d3499f01c8  contrib/kyua/utils/fs/auto_cleaners.hpp
650477c23b22a61a92ad70e97cbec40def3960a881f448ce0c884d094988dbbc  contrib/kyua/utils/fs/directory_fwd.hpp
c904090591ee87eec119ec1d3df5851b16299c362fdfa3466e057e1442f55167  contrib/kyua/utils/fs/directory.cpp
d2c1adebf5f3d82e90526828a4bcce0060ecd7fee1e2a294dd191b3bd9763320  contrib/kyua/utils/fs/directory.hpp
df34fa19d97d74d4936a57119854c5a0936922a6adaf885a3968c46132542d41  contrib/kyua/utils/fs/exceptions.cpp
93165f2f3f4631114bb3cf5b5d30f9aa538ccd0246b2fe0b38e5c8022be93922  contrib/kyua/utils/fs/exceptions.hpp
87c6508195436555bee032bf1a6d597d8c22979dc1edf48da9854998b9dc95a8  contrib/kyua/utils/fs/lua_module.cpp
ea2d8e873e8601bf5a4a489df050bc3611957aaf38bdd09a299d7eb419b47a04  contrib/kyua/utils/fs/lua_module.hpp
a52e72f856ac707cd17ac15d2bd09586ec2ee5b2f662dc8fd4d5de6481477091  contrib/kyua/utils/fs/operations.cpp
00d803de25a156f44c5b1fcc448eddd217963377be00666471bb36e900cc3ea5  contrib/kyua/utils/fs/operations.hpp
0204d1afa713dda723fe4faa46dc364d2a427a743e5e3755123b7aee7106c009  contrib/kyua/utils/fs/path_fwd.hpp
a4dc7b9165d54e25e200b55764b7aef1057a75fbb0d668b731e2ca3c11f72631  contrib/kyua/utils/fs/path.cpp
8a4660cc8a926b840bb56e01c8cd2bcc4e286f62f4dfe6b303c429f69911a585  contrib/kyua/utils/fs/path.hpp
e24ebdd5d5e1d0cf12819a3dbcedcb24ab6ee33b86fe3684f4a559d451331ec6  contrib/kyua/utils/logging/macros.hpp
c421a28ddc61ac521f93c4d5ddbaa834f77b2e47e707a3829d23245092c83556  contrib/kyua/utils/logging/operations_fwd.hpp
70e532a64f37f418279d241dad2a95e9690770b9650079c7034067ea9785374e  contrib/kyua/utils/logging/operations.cpp
0b1b471b15ff748ad1e5380c5947bfa6981b4ecfad628e4e2744f1a89acb112b  contrib/kyua/utils/logging/operations.hpp
f8b1dcde3adf8f34fc55ee92125b75b062e593360cc515eb218b89072f5bba89  contrib/kyua/utils/memory.cpp
1da6a15b785e2e859d2a480325957ecf68e3d6fe6b096d95f9afc4f28352e168  contrib/kyua/utils/memory.hpp
dd1fc0e69f0703609fb03916ed881bb5f2249f242ce4f3d457362ef4741ba29e  contrib/kyua/utils/noncopyable.hpp
0c37493d1f5006d01e4f18b33fe50ea3143e57f15111583228fa5d66087d4897  contrib/kyua/utils/optional_fwd.hpp
3085e0e5093295a8227e1ca30554919085dbfb5559960a370b39f0de72b5d128  contrib/kyua/utils/optional.hpp
20a1a1dbd3987fad0eeb919ec5b01b2851ddeb9b8ce9e2240fdba31cdcff5c54  contrib/kyua/utils/optional.ipp
0f227fea9644f1bc77abff2f15186c9b1c91342cf13aea67d08aaf17a78ac8c8  contrib/kyua/utils/passwd_fwd.hpp
fe430293d1b370c6dd2d2fb100a5fe30bfa536b6cc1f8021406c02956bf39f5a  contrib/kyua/utils/passwd.cpp
eb63e3d764b1408fc4257906123cc883591c170db05e0eddbb99d7224ebd8b46  contrib/kyua/utils/passwd.hpp
274f2766e85f0a2ba8d8659c76b0d0fc976974665a61a04bed85e02fa76d12a6  contrib/kyua/utils/process/child_fwd.hpp
7ed740baa3bf0e6ebececd61946030e2cd761e4e88dd8f93b30b924057c8c8cf  contrib/kyua/utils/process/child.cpp
a6a153ce5d13b425555c1a960bfd5ad6eab200a81862b31949d79cc13b3c7711  contrib/kyua/utils/process/child.hpp
eae5c2ca75dbfc497d06654c048c1dbd568be53d0fdb00660e0f5c5db1248c7a  contrib/kyua/utils/process/child.ipp
d7293554642c902c408c858cd13e22289bb7d21d1a44d5873b977a6da59c371b  contrib/kyua/utils/process/deadline_killer_fwd.hpp
46325f1dd46c94b568450daf81928bcb99eb6f53f25d6d1361dfe6eab1c3857b  contrib/kyua/utils/process/deadline_killer.cpp
40309472c7b3d65bc9e263ca26c048ca73f37475f66fa3dd1ff95e91a8af3b8d  contrib/kyua/utils/process/deadline_killer.hpp
d1c4da2f358219a92229621499cf6855d2e2a57945bcd296d2bce7d7d19d9f24  contrib/kyua/utils/process/exceptions.cpp
57af6ff323bf75920eef07233f50699cddf1eec637202bb52a374f821c1cc47e  contrib/kyua/utils/process/exceptions.hpp
9367eaabbbb538e3da2fd0f044d5d5081b3aa6eb8f4bf5e555c6349b62cd3fa1  contrib/kyua/utils/process/executor_fwd.hpp
bff5199762cedc7b226a40936adde8eb7c2a55c282ffaa969c1d8c93b38b082a  contrib/kyua/utils/process/executor.cpp
eb425fa81262653b07f8a2fb8f47ee2041fc4d7e62163d91e5aef8a57003fc5e  contrib/kyua/utils/process/executor.hpp
ee4b224ebb9b78c28f700112734bcb8d63f9b4da1a6c0eeadadcc73b70a3d442  contrib/kyua/utils/process/executor.ipp
385efb14488cbcb0b4f6b68f00c0d23b72496817e03f18851df48beced53489b  contrib/kyua/utils/process/fdstream_fwd.hpp
518b6980b664b7059870efe9bfd5e34ee8ae84e312da3df29553fb06d942c133  contrib/kyua/utils/process/fdstream.cpp
f4662b51355be64619ef1a9745be0fd5674cd81ef99ba0cbdb8fced61d5fcead  contrib/kyua/utils/process/fdstream.hpp
7de6d033ea9adb15f8e71a3abd5c5305b7d842e3a8aac79e84602789211e6735  contrib/kyua/utils/process/isolation.cpp
da026e6b3c760726a64c3a6104cf83bdc79d02f37b52901180bd7bd81af42a70  contrib/kyua/utils/process/isolation.hpp
bec94c94e92a9b2ff812a199de8fd5e047e505ec6b4581789451428894e76f14  contrib/kyua/utils/process/operations_fwd.hpp
640cbfad14f6a8930b42531a7b56c2fd9470965801eb2f3898bd8b5d99b25afe  contrib/kyua/utils/process/operations.cpp
f08d4f016dc22003fec021c3052c19b355596cba2299f594c811d13f08e79c13  contrib/kyua/utils/process/operations.hpp
4954ec9989db6838c3eff6df881ef1215ecc3c0b5752f0291a5f0f49fe6870e4  contrib/kyua/utils/process/status_fwd.hpp
1f5394b7f62d8393f5b94da01353585ef973caa28f6273249c52fa27552efe67  contrib/kyua/utils/process/status.cpp
2c8b95b30bbc2a1afe0a6419276e785daf963d85ba56d54139d4dfe5549e254a  contrib/kyua/utils/process/status.hpp
13b277b14face897f35e6b27fbaea2f4d7303f5156ddc03565397ff0436a084f  contrib/kyua/utils/process/system.cpp
b1f8139000de368a666aaeced1734c44c156501efe0522ca9604864464c2fd63  contrib/kyua/utils/process/system.hpp
50a9fe56140b919809985cb24bf8e3f7d508e3e36dbbfa38990fd8816d119b7a  contrib/kyua/utils/process/systembuf_fwd.hpp
267d413a45a4ee12eb3d3648c23d5c330949fee0d6b76e64b55feae55641d09d  contrib/kyua/utils/process/systembuf.cpp
5c679ef4976f57e9fa2733d7bc3c40eaadb68096b787ee893aa85459105d87fb  contrib/kyua/utils/process/systembuf.hpp
72ec87158bac802babe66a4c4b269b7754325e9e48943e6d2faeb16c7bc34086  contrib/kyua/utils/sanity_fwd.hpp
5674a40e280871b12a149a03e26d4adc758a38ea84eb67e96e570fc7708a0658  contrib/kyua/utils/sanity.cpp
9edae6b8b8fe610cd3e157f1458e7b4bf7868c3b4ed50fc668bf5f8a5bd5d909  contrib/kyua/utils/sanity.hpp
b4baf1cfc99bdddcd6f2810dab7ff6208152fc81678ef49db6cabb458e23a041  contrib/kyua/utils/signals/exceptions.cpp
2d30f0bc2a168c47f7536a8072b823112ecc14d4af184e2707d03fe04c1b1f8c  contrib/kyua/utils/signals/exceptions.hpp
7c79a837b1c3117310cc369eeb459bab0aac7351c3637d647abb5eadd5f43eb0  contrib/kyua/utils/signals/interrupts_fwd.hpp
190d9ff6680c0d8a0e43afbe5e6634ddd37305aad697d21f4b1bc828a03efd96  contrib/kyua/utils/signals/interrupts.cpp
357fce11bd0105b69a05286a929e5fe4ddf9d5027f54f79e5c5e4c9639e693ee  contrib/kyua/utils/signals/interrupts.hpp
823392ae826eec885629f52129a718dfa4ce3a7a3226f4785d8ead12ca571655  contrib/kyua/utils/signals/misc.cpp
d6c0efd20a83c19bbee953ce408770abcddd6cd45f3d3f946424306a3f32c88d  contrib/kyua/utils/signals/misc.hpp
91642be11e2a13770a7a299cd0a70fe92d69becb45f956c16bcff9d408d7ea9c  contrib/kyua/utils/signals/programmer_fwd.hpp
ff3d43cf5e1d7edb65c4fae58db254c63d85c63799861a1a3351cc2d3450869c  contrib/kyua/utils/signals/programmer.cpp
6111da787a03e923cd1ad0440b5d1e278c1a6863f12b72a8a99e9b598e0922c3  contrib/kyua/utils/signals/programmer.hpp
614b0df1c0974264a4c29e4a30dd82d23940f8113b435a4690300cd4e24819b7  contrib/kyua/utils/signals/timer_fwd.hpp
9e64e1413cde4375ce31bfa5a75bcd56860aa45964edbc233a7c9fb64606a03b  contrib/kyua/utils/signals/timer.cpp
ddbb6e7c4c36e4c336197d5e7ddfdcedce2d2c914dc957a9db2a0ea70f0a470d  contrib/kyua/utils/signals/timer.hpp
3decd773e9e5aa9c8157bf72a2796c10838b9e0070ca434f3017042971c79279  contrib/kyua/utils/sqlite/c_gate_fwd.hpp
20825f7b4c2ade96a7f55c23717bc8a70f1619a8ae999f522d78d23bbec45b62  contrib/kyua/utils/sqlite/c_gate.cpp
2b8f0715c1df88ccf7b29abcf049c57aebdbc585d9ed8434fe04c2e22d614f4d  contrib/kyua/utils/sqlite/c_gate.hpp
19e3243065bd4c3db0c3686704708542100ee0ebefafa656f25996215643036f  contrib/kyua/utils/sqlite/database_fwd.hpp
357ce1f674086eaff20710a36fc2a76f318b21a47fd7a5512ff9d201f6bd565a  contrib/kyua/utils/sqlite/database.cpp
14701abdc68e009facacf6a629a4cd9ef07665aed9336c06fe58cc88225bf293  contrib/kyua/utils/sqlite/database.hpp
469b80b6744bef7538ec2842ab1465079b945565ae25d9b2524f6ddfde176ba2  contrib/kyua/utils/sqlite/exceptions.cpp
266647baa496835111a2d72eef3e6ee15c8e012a1dbb1b6d5e53ab71b4fbc466  contrib/kyua/utils/sqlite/exceptions.hpp
5e0510c74f77f545a74480a6bd3aecf7a8e68ac55ff613e6abb784c2581e9140  contrib/kyua/utils/sqlite/statement_fwd.hpp
8c6d350026413f666e71daa8ac71390bb9335ca25aa12941a203d90064f7ebf9  contrib/kyua/utils/sqlite/statement.cpp
b04bb6965ea761a5aaf3b776cd5c7f96672838be41466c497350e3bcbf6b0521  contrib/kyua/utils/sqlite/statement.hpp
46a8a516eb9a6c097ef9418f47f7c42188e5d3b1422c49c91f005dc73d89b2a9  contrib/kyua/utils/sqlite/statement.ipp
e6ebbe9edfe8c1b549b2f672021f7f736d0dcac1c0090edc9dcbec4cd9523fda  contrib/kyua/utils/sqlite/transaction_fwd.hpp
52db5ebf644b37d64fe6d2f7ee34fd3ced29c15c0ce385be46ea0957353f069d  contrib/kyua/utils/sqlite/transaction.cpp
023d5f6e09bbf46c7e0438db15ca93fb32a985da0eab1eb6a7ada0103020125b  contrib/kyua/utils/sqlite/transaction.hpp
edb1859412b97952b3a9932c9270d89e5dd61e64e48382f4730998e39236e689  contrib/kyua/utils/stacktrace_helper.cpp
b372e4cba6a4ed8439d379ada68734bc00b31b048481699b30b4d80c5251e368  contrib/kyua/utils/stacktrace.cpp
4113145517d0239b8cbb4b27e26582112e9dc43d203f7c2bc8286e360d17f203  contrib/kyua/utils/stacktrace.hpp
a5cbb86fc486f66b71225c19570fa7749ca7c7e8dc377ac073e1115d3ed2fd30  contrib/kyua/utils/stream.cpp
bdc793085fd93734f1b19fd18c79852f068fb7f9ec9c3f80aaf10225804c88d4  contrib/kyua/utils/stream.hpp
3267e7820ea0676adbaf2b5925e5552fe150809708208fd52ef1b8e996ed90e5  contrib/kyua/utils/text/exceptions.cpp
8a5b99b2004cdc3dd8cb8eb05974f6a2125a4ef07f532d656b0d1c015747ac4b  contrib/kyua/utils/text/exceptions.hpp
92ad527b2f8f1a033cb66ad9604bd183b6ddbced4caf03bc97e37ea0e794ade8  contrib/kyua/utils/text/operations.cpp
5379a8af54c19368fda9bb60843fe7e4a11e9eea908f3910f48a35fc49a56bff  contrib/kyua/utils/text/operations.hpp
3e111c08bf89fe11b052482fb0c1fc3003ee125aa2093a84eea8ba9f32b55412  contrib/kyua/utils/text/operations.ipp
8be0bd8a3aa6491f93819dd2e63c5a17e80cf5edf863bd36ad88d650bda7fed1  contrib/kyua/utils/text/regex_fwd.hpp
91c4bd96bce6bd607f1dabc3a47c6aec789b6250269415b59858dc721e760506  contrib/kyua/utils/text/regex.cpp
10897bd27a1a471d693edd6597eeec09686ae86907a904382eecf33d9893798f  contrib/kyua/utils/text/regex.hpp
e106a90479fb4298228751beb4cf569594f5be3f46a0f72461b1b05faf726ec2  contrib/kyua/utils/text/table_fwd.hpp
20b7adb8fb7b04a4d98af5c8b5515ac9abd28d6ead101f6f470b11cdb09a1644  contrib/kyua/utils/text/table.cpp
4aa8d45808d8c5c57196d44ab6ad02ad88df3a7984dcbd083100b50e4f4e66be  contrib/kyua/utils/text/table.hpp
f29d1fbb6a36d3e72839cd619e39fc66fae7701d602913b3480dbddd7e91edbf  contrib/kyua/utils/text/templates_fwd.hpp
7487652f2e33167d63ea3c32d8682ab27217e4d621e1a6e12370d93f16520600  contrib/kyua/utils/text/templates.cpp
89e3694a9ca0ba54b31ce6b1cbb16fc8793a4c4524c664b0ec24b3b54cd778ef  contrib/kyua/utils/text/templates.hpp
b981332365a88cd25fb23ebb2c28169c2276ab2e2704baf57f3de549c76a3c20  contrib/kyua/utils/units_fwd.hpp
4e9a8be1ba2a793c2312ae180694ebdf6ee088f85b402fadfe1e51392e5cf46a  contrib/kyua/utils/units.cpp
7d5556257c23fb9821ea6e4ffcf5165a57a80a9115f9c5889cfdb2af14b0fc26  contrib/kyua/utils/units.hpp
3cb169401ac909d3aa970f5ca7988f1d1a27e10f918968d489d8e84317950873  contrib/lutok/c_gate.cpp
dcea6a3b7eb18aa3730b890f88d30f818a01ef0ff7e86b51436c2dfedf4b1a2e  contrib/lutok/c_gate.hpp
9343913f8ef8a91ceaf148fdcdb70bb8a45b9df9dac2ef71308053dcb312ade9  contrib/lutok/COPYING
0b31d21cc852e438dc1f3c2a2f3853257f96b67f616613758b936c2d13b02548  contrib/lutok/debug.cpp
64a191351ed0358681a1fba6a6c565dd8227f0cb9873fbc3a3da1aa174f69f54  contrib/lutok/debug.hpp
0ba09ba78c72c1e185228b6dcfc35727819d766bf2af6e0732bfd9d44bb312d9  contrib/lutok/exceptions.cpp
0bf1359a645103dbd89674aa7b17b82ac22bc2fa39ba8bca0be9e30f533ebe6d  contrib/lutok/exceptions.hpp
29bfa1c4d189113193ec8ba32d478bf244c7ad844c6ee0cb2a5316e67349db1a  contrib/lutok/include/lutok/c_gate.hpp
c83086b08781346322c07716105566ab56c6e1a8837e2b1662fd09b2e27606d6  contrib/lutok/include/lutok/debug.hpp
0518c75852982761228a2e31357b533b030df8ed8a0298fb301016b3998c2006  contrib/lutok/include/lutok/exceptions.hpp
08b81364090c0a403b339e1e87567f52bf1de75f72a578bf2d740981e4d770b8  contrib/lutok/include/lutok/operations.hpp
ca41ff07a56228e0fad0ab6c17269d5bedbb80c2654e1e5eb2dc3d9ebba0e45a  contrib/lutok/include/lutok/stack_cleaner.hpp
2e24d53f6039835aed8f7b7a3d454108b7bdadf4016b059caddd96cd2f6f43f2  contrib/lutok/include/lutok/state.hpp
0afa49f782b29001be615e8b185343975e5c01f7f1466701365abfe132328f77  contrib/lutok/include/lutok/state.ipp
8447f250acecc34056d4186f7873a393065d8c585081835024594c2b92555318  contrib/lutok/operations.cpp
264620fdf11ad9af1d0b611f8c2b6fc789087706d8a16a51b69341a02f98c2a9  contrib/lutok/operations.hpp
021ef4cbe5bacc07393557b226a3162912e6c216edbdc33e1e276aff79439788  contrib/lutok/stack_cleaner.cpp
747193e821f334b823e981061e188b2014faee3e251e29c420d116621717674e  contrib/lutok/stack_cleaner.hpp
ab9757c0049ff98c88c50a33e194608727d55846a54a86d978f24369a7b2c36d  contrib/lutok/state.cpp
ee507d50c3f0281300cb3a0363fbd75e46a504902d15a9af5a3ab770aca262ce  contrib/lutok/state.hpp
237941133fd50c80c2e730866e1d9809a9ff525ed6e93e894766893c70bded8f  contrib/lutok/state.ipp
87497ab605bedd0dbee27a209c1eeff8c89b229b13f921a7efdbb81a13f779fd  contrib/sqlite3/sqlite3.c
4ff81af4849acabc76fc8349abb926814395072617ca18e08800abf734ab7612  contrib/sqlite3/sqlite3.h
ac9645e5c9ff0cf176efdd6e75cb5e98f46295d38e02db5c4d208826a39ab4be  contrib/sqlite3/sqlite3ext.h
21b691d43e1bf122bcf10e750663488848d4a2a6bd4cf39ec0bab2fec04ee966  lib/atf/libatf-c/Makefile
f8020ec804882f19a9183524524b2e112f42e2b7c97066a55d4aaa4df1dcd138  lib/atf/libatf-c++/Makefile
98705594eb5c9ce64daa377c2189dae4b15ecbf5ddc8385ee423bd3fc4ae769b  lib/liblutok/Makefile
db4871c08993d39d696c80d89b4542da2bf7f858fab3619363bd3a45ae5325f5  lib/libsqlite3/Makefile
e09f8dad6dada469f6b4a1d4a04b7060b88977ec2250796b281f95c54fac9099  libexec/atf/atf-check/Makefile
f50b2f808d9de2fce08d4003031791aab01c5d8b638cafd58e6d4a47049763db  libexec/atf/atf-sh/Makefile
2356548fe27dc7426840a25f1f1e230071abf2c02a9d40da1296a761945d8b71  share/mk/atf.test.mk
07edef5361832acbc4ea199639fecc7b593b92b75735c0f1ac14a8a12d97b8f8  share/mk/suite.test.mk
11190505fd1eb541d18e2a5dde62914b8547193495d9ad97bc116961f6b39344  tests/Kyuafile
f1fe7c8f934fd809b1fcf476159787651846a0bcb7023957d330e897f447917e  usr.bin/kyua/config.h
704a65d54e6efb7ae3e958644f3868fb1431ea4a88450cf6fad86b02fe674df3  usr.bin/kyua/kyua.conf-default
b8c0b09b6bcdaf3c237231777d6809c6a78d3ae19168e036399dacbcfb632318  usr.bin/kyua/Makefile
23e7afe65a2a07c275b002a471f8cb378ca409e0b96b1b3103e0cd5b418c2515  usr.bin/kyua/utils/defs.hpp
