# The FreeBSD test suite's tests for the base's programs (P4-21 checkpoint 7,
# docs/architecture/freebsd-parity.md §2.1): the tests directories of the
# pilot's programs (bin, usr.bin, usr.sbin), the contrib/netbsd-tests and
# contrib/libxo tests they build from, tests/Kyuafile (the auto-discovery
# Kyuafile of /usr/tests and its top directories) and the share/mk files
# whose rules base/freebsd_tests/build.sh follows. Fetched unmodified by
# //rules:pinned_files.bzl.
# Repository: https://github.com/freebsd/freebsd-src
# commit: 050683bb8e136981e4a1f66e845ab05c135630f4
# Format: shasum -a 256 (hash, two spaces, path). Regenerate with tools/pinned/lock.sh.
e9a9cd73287dbd62dc86132bfb4d6480ad8c264700e6963b987cdad610f65a36  bin/cat/tests/cat_extra_test.sh
baff03d4621a19acba039a007f43710c2c805b02cbf8ed7a3d0af9894130c3cd  bin/cat/tests/Makefile
01d3c681ec5e3b8ee0677fa3059abb6cdcf05404eefcdd2c4e87f939db3bfe91  bin/expr/tests/Makefile
8df668b46e658ed5bb48d9b14781519e59da1a9368526a4a6e67517cf4d9b4d5  bin/ls/tests/ls_tests.sh
1b70748f88a5f29f44e570b0000e457a1b08ff5df0f907776f3faf22c8d851df  bin/ls/tests/Makefile
498f3ee048668c64f4bf6e4e1e70969be0565ad4bde2941727e3655a5d7a201d  bin/pwait/tests/Makefile
4a358a28c7edf8aab0d2ba36f9f89a74f2555d7fb4fb1e1203070430ebaef68a  bin/pwait/tests/pwait_reap.c
fff5ec2d81b0be04de6d500b5dc9a84503ab032be4fc04203c3eaa3d6d4f3d72  bin/pwait/tests/pwait_test.sh
c8a3d55095d70bdd1b76ad9e2cacd29125f8a5c1c4890c0e0b62d126dd4b7996  bin/tests/Makefile
9d6d0b961cc36b6f3bbafc359200958e88cbf6ffdee3efe8961b27298804bbf9  bin/timeout/tests/Makefile
8c0a1f483602c82766410b0b7730b947d9c0e534251b6ab1ed311f2ef6115fe8  bin/timeout/tests/timeout_test.sh
e3b0c44298fc1c149afbf4c8996fb92427ae41e4649b934ca495991b7852b855  contrib/libxo/tests/xo/saved/xo_01.H.err
5690ec8bdf88dca0ddb3f5423550061c17186cca255e57d101f5efc3aa4259ba  contrib/libxo/tests/xo/saved/xo_01.H.out
e3b0c44298fc1c149afbf4c8996fb92427ae41e4649b934ca495991b7852b855  contrib/libxo/tests/xo/saved/xo_01.HIPx.err
708b871ac62d26ee3617206159c68af66dbd0d61ea8aeada3b49724de4bf7e14  contrib/libxo/tests/xo/saved/xo_01.HIPx.out
e3b0c44298fc1c149afbf4c8996fb92427ae41e4649b934ca495991b7852b855  contrib/libxo/tests/xo/saved/xo_01.HP.err
852336cf69a68412858b00e3371e59488fd187545b0b60cf5b1c0c563c6e45d4  contrib/libxo/tests/xo/saved/xo_01.HP.out
e3b0c44298fc1c149afbf4c8996fb92427ae41e4649b934ca495991b7852b855  contrib/libxo/tests/xo/saved/xo_01.J.err
32eb5cd8c8e2f2d497dad3291fe7839af304b7a4d143382bb359a9aa44b3fc40  contrib/libxo/tests/xo/saved/xo_01.J.out
e3b0c44298fc1c149afbf4c8996fb92427ae41e4649b934ca495991b7852b855  contrib/libxo/tests/xo/saved/xo_01.JP.err
3735dbad63b67a190d7c2e36e62847128b97f6344d46f37caac57a504769b223  contrib/libxo/tests/xo/saved/xo_01.JP.out
e3b0c44298fc1c149afbf4c8996fb92427ae41e4649b934ca495991b7852b855  contrib/libxo/tests/xo/saved/xo_01.T.err
fdbd8b5bc741f87596436d33bd1d3eb2ad139f74f567f901afd67204bb8f59ba  contrib/libxo/tests/xo/saved/xo_01.T.out
e3b0c44298fc1c149afbf4c8996fb92427ae41e4649b934ca495991b7852b855  contrib/libxo/tests/xo/saved/xo_01.X.err
bdacefaa24c7c63d72bf3de722288f34385dc46c030707089e07d7b247a8feac  contrib/libxo/tests/xo/saved/xo_01.X.out
e3b0c44298fc1c149afbf4c8996fb92427ae41e4649b934ca495991b7852b855  contrib/libxo/tests/xo/saved/xo_01.XP.err
f3837a454b748b14c8ec397522449849e445d57872072454ab634f80e57b5449  contrib/libxo/tests/xo/saved/xo_01.XP.out
ecdf74de74db6c973003b4ce998d0053f598828eefbb015d283c3e4f315b1f6e  contrib/libxo/tests/xo/xo_01.sh
67f82f6039c114fc2f625bfe00c7312c19884e9b360d68ee0f1cf7132f7abc59  contrib/netbsd-tests/bin/cat/d_align.in
a3e0895d0da43460675be5643cb1ee40a87e9e5e8af6edd0aa391863024071a3  contrib/netbsd-tests/bin/cat/d_align.out
1049361a516b3226e1d8c0fb4ad00ca7e48139ca77581337bba8e2fe57083e82  contrib/netbsd-tests/bin/cat/d_b_output.in
a8cdbdb908331fae5dc48bf83654c519c3dcab56f46ebbcae5881c109114547c  contrib/netbsd-tests/bin/cat/d_b_output.out
fdbc5593b9405ed0ed38fab9cb3a88c49754920f43132a683911e5b3ceaf58ef  contrib/netbsd-tests/bin/cat/d_s_output.in
67f82f6039c114fc2f625bfe00c7312c19884e9b360d68ee0f1cf7132f7abc59  contrib/netbsd-tests/bin/cat/d_s_output.out
bb558e489e8d81d1668b80a4fc7548694f3fbf0188b14fb1572b36bd681480da  contrib/netbsd-tests/bin/cat/d_se_output.in
eb88b965c8117804df3d145692cf141fd83f8bf5bd36267a4426cfeb77ff4588  contrib/netbsd-tests/bin/cat/d_se_output.out
cb6df515aa733ba61a426c6ac1b465d0a316e0178d213f828925af4f91371a11  contrib/netbsd-tests/bin/cat/d_vt_output.in
f421fce826537c49e4829e566563b3094e4a31e6eece5da8e075ebd86ad1e4ce  contrib/netbsd-tests/bin/cat/d_vt_output.out
4cf9fb672ed1b2412bb1799d51e958dc6b270ccd524b46800e2864b06af0bd64  contrib/netbsd-tests/bin/cat/stdin_test.out
fb2807732e6c7ce880c8dea676d0a6b5404b87f76eda6c8f180900662d10b16e  contrib/netbsd-tests/bin/cat/t_cat.sh
0a252e602a88a3c5b6096386663af31c33177e7ec744f3033c4c1d178275e28b  contrib/netbsd-tests/bin/expr/t_expr.sh
e98d9ada43a894d966d262f630efea2afe65a2a51e1961f35420a6f2d3e5ac75  contrib/netbsd-tests/usr.bin/cut/d_basic.out
883bd346df5a483c1a978684a2c15f6149247f18559e29b779f261d847701712  contrib/netbsd-tests/usr.bin/cut/d_cut.in
baa4f30459d86317029cfd7175c5943c64faff421222ff5d7bfc8f6b83736f9c  contrib/netbsd-tests/usr.bin/cut/d_dflag.out
60c0ce1a208c147662e641507311768b7498521e616c3e2fcf1bc88ec444afce  contrib/netbsd-tests/usr.bin/cut/d_dsflag.out
18f127dc7f7aa4efa83181b612e31e2d0b073e78472abbc1e1460c35f2784a82  contrib/netbsd-tests/usr.bin/cut/d_latin1.in
151d87bb680a8a377ad481d01d57d0df7c4e845fa3ace084046e86b8f68e2c1e  contrib/netbsd-tests/usr.bin/cut/d_sflag.out
eed3be91f84855de2a0d5d4e244b2d2e6548a68951422a4fc11f9e4480bf2ae5  contrib/netbsd-tests/usr.bin/cut/d_utf8.in
ad83d202926bf5abf59a6a66cc8b7bc8575483314a74e367a7a18c9f94a72151  contrib/netbsd-tests/usr.bin/cut/t_cut.sh
887c4945f7bbbaef59dfaca0ae851da07902fb419dbdef563075204911e5c669  contrib/netbsd-tests/usr.sbin/mtree/d_convert_C_S.out
a118b4fee4623ef2b94619effc8735ac343ed01b3c18b032f1d83c2a7f823dad  contrib/netbsd-tests/usr.sbin/mtree/d_convert_C.out
7e41c1a8329d19dad43413ccf80cd46af805ae94d9fbb7b443626c2160a1008d  contrib/netbsd-tests/usr.sbin/mtree/d_convert_D_S.out
3722911479d0d890fde0ac264e9dba53ea28077681fe6558fc6286f965103da1  contrib/netbsd-tests/usr.sbin/mtree/d_convert_D.out
baace16574117f7091c289d63c3dbb1bc300fdba116880fcad6db6f78afdb971  contrib/netbsd-tests/usr.sbin/mtree/d_convert.in
caaab6c7992d145b6e22bcecf485bc6cc9391155a5e465d881ce0f8249d9a55d  contrib/netbsd-tests/usr.sbin/mtree/d_merge_C_M_S.out
1b6ce68223ba33d7776494244dd3ad3d264e4af05409c786f05c67326b33a42c  contrib/netbsd-tests/usr.sbin/mtree/d_merge_C_M.out
4cb19da4586e9cf86520bdf8f8d8775fc0063493efa2953e75ce9b0daab358c4  contrib/netbsd-tests/usr.sbin/mtree/d_merge.in
2d49dac969028fe19137da22f9896aaa3e4086e985aa784fe5b04658b021b1b2  contrib/netbsd-tests/usr.sbin/mtree/mtree_d_create.out
2d49dac969028fe19137da22f9896aaa3e4086e985aa784fe5b04658b021b1b2  contrib/netbsd-tests/usr.sbin/mtree/netbsd6_d_create.out
06104b53c320681045ddd07ec574aa025438223a4591972c730b8b8978544a29  contrib/netbsd-tests/usr.sbin/mtree/t_mtree.sh
2356548fe27dc7426840a25f1f1e230071abf2c02a9d40da1296a761945d8b71  share/mk/atf.test.mk
148e3e7b33eec28359312ea9df20efe215c01f30731291c10e8b44861029e844  share/mk/netbsd-tests.test.mk
07edef5361832acbc4ea199639fecc7b593b92b75735c0f1ac14a8a12d97b8f8  share/mk/suite.test.mk
5ce942c83e5b061986a8470c3ef0b0ed5ef44e75ef2b11622287df855869d09c  share/mk/tap.test.mk
11190505fd1eb541d18e2a5dde62914b8547193495d9ad97bc116961f6b39344  tests/Kyuafile
e52346a01e43d58a59c4f43f6391d80c1a2a258af89fbc8d03ca5793d1395ee6  usr.bin/asa/tests/asa_test.sh
153e83b6dafc3b87b3faa165aa1fa6ae65d759479beb611347caf59ffc2b9982  usr.bin/asa/tests/Makefile
0645d0d7493062964eda414e3ef5139d034a6963aa2f8d3f81325969b0aca864  usr.bin/cut/tests/cut2_test.sh
e7a864e922f85f1dcd97784e80c357566c07684fe437a1530fc60c9a051bd19a  usr.bin/cut/tests/Makefile
edc1485f03cb4d8505f5f67cef6c38fb12044dc818f0fd7ef7735038c1258967  usr.bin/head/tests/head_test.sh
0d5ff7c819495718d04d1674fb524b1ed2c0130512cbf8ea677f4601557d6823  usr.bin/head/tests/Makefile
1a5431dae520855b790ef3e15c2857f7ac7e52ac74fd8fb945333c6b96227ef4  usr.bin/ident/tests/ident_test.sh
9276cd189445a08203c0bb57c139a6d3095ff2350297975a6d6ed3fa34482268  usr.bin/ident/tests/Makefile
c66158ad8c874588ebedf2f0b56cb2dcc70873052454c2bf2543c67c7cb3dda0  usr.bin/ident/tests/test.in
1a9c9bb6496a306353b4044b18f9ce4d2528832543307a1eadfbff42f350db90  usr.bin/ident/tests/test.out
e3b0c44298fc1c149afbf4c8996fb92427ae41e4649b934ca495991b7852b855  usr.bin/ident/tests/testnoid
18c3d4a599af4dbf47fb878ca198437389430e3b94657155426dfd83953ec356  usr.bin/m4/tests/args.m4
629c03155f9eed38956b40a92ca1e3ac80a8a97509d3725b1f4e451b41f58330  usr.bin/m4/tests/args2.m4
294f5c6c83f8741b9f46d383e40b4868d1a5c3bf2c00187eab7f05f2ce92b144  usr.bin/m4/tests/comments.m4
563ca1a583a9ee975329e259a9946dc1180185bc4a9af4029a9ec3713470cb3b  usr.bin/m4/tests/defn.m4
638b6173cc9e77c65696d873f74549c010b4bb7fa8a3782add96d14e1a1ac76f  usr.bin/m4/tests/esyscmd.m4
7c119eafe0734f071fb8966fb3cafc65c229a17512e8e64f849b665cbfca0a76  usr.bin/m4/tests/eval.m4
f7257f2105221925ec71a2ff421393511fe07f3e04c2fdc29be5e2dfdc79b7c4  usr.bin/m4/tests/ff_after_dnl.m4.uu
f1273111d988f772a69dbcfd0feb1de852b89759ac2e026ba4c528ea026faf75  usr.bin/m4/tests/gnueval.m4
0a25bb40d34b6a547a96f2bfd4328fc89c2669d291ee2b14d2aa245c37ad5274  usr.bin/m4/tests/gnuformat.m4
2b432291b637b06e8cb22048fff48febd929f3c6c6db053e84003dce593b41a1  usr.bin/m4/tests/gnupatterns.m4
ac20b9638f7172759e6ef65cfba05fb8b14aa1fbc6a47be2c6138a12cb55cc3b  usr.bin/m4/tests/gnupatterns2.m4
1ba633afa7eb2c49541752a7c663aa6d430c7bff8a45e59c0e012f6c0666ea66  usr.bin/m4/tests/gnuprefix.m4
ea6be6425d1f7981d273907ef57db90018f35653a5604a93b722014c5624d89c  usr.bin/m4/tests/gnusofterror.m4
73a0052b796d49dab5b963fda134903bc855197d7d39182e508a82accc1685c3  usr.bin/m4/tests/includes.aux
572b3c1dd0427c034561c56a30b2f3875c5b2ee0c350a980c6792b897837b5e7  usr.bin/m4/tests/includes.m4
84b15c9286c22c51695ab0fcf164fbb5c9cdfb1771940febdc536fdf92cdc05b  usr.bin/m4/tests/m4_test.sh
261d4b47ca8dabd2fc1a2ac45a63950379902ce23748247ef8027c1c178258b4  usr.bin/m4/tests/m4wrap3.m4
160e26e0f4a0df6b1812a4ac319b5297b7d722abac1aee13944690ed6beb3df9  usr.bin/m4/tests/Makefile
e3a7dae3b49069dd37ef9077aa50a10a2ca69f4701ee075e89759b6e8e3534fd  usr.bin/m4/tests/patterns.m4
018546e20ddbdebaa1e7be4a8a62f8871729c727a62627026e4868950b6180ba  usr.bin/m4/tests/quotes.m4
9a62602090c23f5cbdcf8809b01ca6a9e438481ca11baaa1fb3e9b0addf23053  usr.bin/m4/tests/redef.m4
cf43e6f415560beb6ffaf7add45fc3e75a2d7d2a30a520c8e6930fea7d3535fa  usr.bin/m4/tests/regress.args.out
6ce3fc8fabc2b44bf731af6047c85c8ef39f1a22c7e39ec3198678531f3383f9  usr.bin/m4/tests/regress.args2.out
f36543a335fa043fce157c0cdcd20fc1dd26189b3ab6e33b1313a9199109f8e3  usr.bin/m4/tests/regress.comments.out
181210f8f9c779c26da1d9b2075bde0127302ee0e3fca38c9a83f5b1dd8e5d3b  usr.bin/m4/tests/regress.defn.out
e538e911691506ca875baf80fab7427d6b55b8c6b99f506d0e4245f5bed65770  usr.bin/m4/tests/regress.esyscmd.out
1a39ee0078e40be383cbaa3efea747ffd50a797b6939e2a638f4c497b0ef99cd  usr.bin/m4/tests/regress.eval.out
edc4b5823c8f627854e574acad723eaf6cc05e0d976b086460b96da16c16f1d2  usr.bin/m4/tests/regress.ff_after_dnl.out
884374f0efa9197de259d0315bb99d2fffe73f7d5cc60d3f736313f53eab3ca3  usr.bin/m4/tests/regress.gnueval.out
50c10559ac3e5d82e36f14ec1c37098b3cc0becb4669d9a067a0f0c6b0f89b20  usr.bin/m4/tests/regress.gnuformat.out
e897d5b9f5f4c6e67b117af97fede023a31eeba73e2dce48d74f4a0570e93952  usr.bin/m4/tests/regress.gnupatterns.out
62256342fc3c090e4ee56bd2dbad054eac200d792bcdea8b7b3ac823016b1876  usr.bin/m4/tests/regress.gnupatterns2.out
f4ee5c055ef5f3ffd819c272025aaab7f655cd94e574f18b0bd3c669387357e5  usr.bin/m4/tests/regress.gnuprefix.err
5c55a3a0710de42ade8e429237e8452d76a5dcfc17194da0062fe3a33ee9aecb  usr.bin/m4/tests/regress.gnuprefix.out
b7afa945e11354035dbbc735a3bff03594b3abb19a5e0e2e292b669acaaf33a9  usr.bin/m4/tests/regress.gnusofterror.err
edeaaff3f1774ad2888673770c6d64097e391bc362d7d6fb34982ddf0efd18cb  usr.bin/m4/tests/regress.gnusofterror.out
61dd8a7b8419a7308ab7446499cc4c52f3fc92c20f15dec2f35a28180d720344  usr.bin/m4/tests/regress.gnutranslit2.out
ce4a4484a607ce2a5319550baf2386cbf63298090ed589133116caf9b38f9bde  usr.bin/m4/tests/regress.includes.out
c1d278055623c1f4129cb41f509443f01fe52866c0a4d2a3532296271e03e730  usr.bin/m4/tests/regress.m4wrap3.out
5e4a5b26e49f41512410c4c278b8c40bcfe140e08cde17f59b3817b2d54b3e92  usr.bin/m4/tests/regress.patterns.out
1f57d0b115c0f044fa6a4ce83a1dac9dd449d6572bb58f52bb336e2fdbb7af11  usr.bin/m4/tests/regress.quotes.err
2dde16a680f1c32bcdbaf8a3f566e62feae1e753d29d8fcdcf3dabfefcb480fc  usr.bin/m4/tests/regress.quotes.out
ce67918a657d1e9c1138d7058a6e591368a32c9be2be5e935a289bc8e71e8a27  usr.bin/m4/tests/regress.redef.out
80964a4e326eaad0ce9564fcf10dbfd14cea5a9cb0d9e84e16a97df9ea32f7f7  usr.bin/m4/tests/regress.strangequotes.out
7b32bbaab74bb8fab582e7737e7edd690429e07ecf5df2210f6d1c8a0a7faa5c  usr.bin/m4/tests/regress.translit.out
c11dceeb84e2ca4673772e055d635016a227cb0dc3c39886fd6bf7527a6b1855  usr.bin/m4/tests/regress.translit2.out
74c4f779a76f8ccb3fe99154759ee018fcd324a4b6f6280275da9490c4ffd61e  usr.bin/m4/tests/strangequotes.m4.uu
282e8f2a038bc70ed0cc740fbd4ed0d9c68d9cbb6dd1efe3cef09583f766921c  usr.bin/m4/tests/translit.m4
e4c710cd57932e4e82614c044871a74ccbdd84136b5ffde100f85f76fbcd613b  usr.bin/m4/tests/translit2.m4
4d266bca37e231beeef774347b699788a05ec6517ca0329eb50595b75c88cc12  usr.bin/soelim/tests/basic
1f1ed3b9b648fa9a621db8621a2904a26d2df2675e18eeada6f3d378dccb188f  usr.bin/soelim/tests/basic-with-space.in
50a137ad129161da4ccecc88c222a8b055a07ab0e5a158e389ea76390805f711  usr.bin/soelim/tests/basic-with-space.out
b0ade7f8630617d8b32aacefa48e9f89b96d34b91b64345d861e53640077ed32  usr.bin/soelim/tests/basic.in
62a7d7e7458256f8675e3e3c9dfb51854272f86ccde28aea378d41aab312b2dd  usr.bin/soelim/tests/basic.out
1337e83ea7a2c9fb66e1d2cce7eaf38a0e02c9a2a2d68dbfdbec63f8994a2fc6  usr.bin/soelim/tests/Makefile
e402874e91d16fa4851a610abce7391f2f68d09eaffb55003edef69c47c07c86  usr.bin/soelim/tests/nonexisting.in
2f69c37e262c76664517cfca821bb66513d04a6aa32891fafdaad92048f06fcc  usr.bin/soelim/tests/soelim_test.sh
3ba9607b436576f701c2e853254bea25bc8f0cd667b9f5b7c79442655d700120  usr.bin/tail/tests/Makefile
e25a341efdd7eba00a07946203fa6bb4260e173c9783c2061b57e74b638f567a  usr.bin/tail/tests/tail_test.sh
73b169a8ff273094714c6335d34da5d61c57b39a17fe7226be70f8fb1bfb99b8  usr.bin/tests/Makefile
506bc92800f12c6726e813244fc1a6c057371d1821ad9dfecbf76bf3314a7582  usr.bin/tests/regress.m4
82ad6c90837b791c2a3473f58452c7f624a1f8b0282ba1717065378658cee543  usr.bin/tr/tests/legacy_test.sh
5eafdb45f00034c928f0c69611881983beb4c8dae8ca19f4e2cf9df91bd553b9  usr.bin/tr/tests/Makefile
3cabf4cafe764bb10ce0fd561810aa00ee7754a037d03b011dbf31eb092f8f67  usr.bin/tr/tests/regress.00.out
e3c705f22aab83f49259c9d6f496ee61ac535cb150b736e5515e7b39ef812545  usr.bin/tr/tests/regress.01.out
5bc9db5c05efb72b5ad1403a2b0108e3765cb606d13c1a02f19c260e82beb02c  usr.bin/tr/tests/regress.02.out
2e5db688642205ced750439dfb852b5c245a7444cf020df08ced07072539a7a5  usr.bin/tr/tests/regress.03.out
c6db3d908f4acbcd658e329fee2c486a1b4d88ac4ae4785f75a9cd3815c84bb4  usr.bin/tr/tests/regress.04.out
e3c705f22aab83f49259c9d6f496ee61ac535cb150b736e5515e7b39ef812545  usr.bin/tr/tests/regress.05.out
0fabd85fe41e673ef3864e9216a34b118f9f2c5f2884d14deab2bea3720cffbb  usr.bin/tr/tests/regress.06.out
28997b475401c6b57be89ed64f85ce4e66bc1f795055ca0c0fbc41a4aa0c26de  usr.bin/tr/tests/regress.07.out
92727fd8e8e48fad2fd593b60fa17dd8366e48b143e53b68114e5e6badfc1fbe  usr.bin/tr/tests/regress.08.out
b66418b40199b8781f3eda97cce318632a5e4af3690083f4968e41e1b46e2552  usr.bin/tr/tests/regress.09.out
3944d0351b41a1f23cb194600bab7b416b199731d15b0591eb976f11f2cfd169  usr.bin/tr/tests/regress.0a.out
07f0ccec071c73cece7b4fd0320af95ff647882219294725097b8107195412f6  usr.bin/tr/tests/regress.0b.out
da596c1e2347086a6434596e303ffce6c045b4830ae813203b98749756adf3b0  usr.bin/tr/tests/regress.0c.out
01ba4719c80b6fe911b091a7c05124b64eeece964e09c058ef8f9805daca546b  usr.bin/tr/tests/regress.0d.out
e3c705f22aab83f49259c9d6f496ee61ac535cb150b736e5515e7b39ef812545  usr.bin/tr/tests/regress.in
f4af7edcae95ce83647a90c9cc039fbe75556b075ed9df311b6011e43fabb374  usr.bin/tr/tests/regress.sh
711e6008dd97a1ac81b90bdb0513489f7ade5ffd321fa62177e5ed42df95f7e6  usr.bin/tr/tests/regress2.in
0dbbebfba50236c27ff78ed910bdda9a73730b5df59e3a85b288e13e3116837e  usr.bin/uniq/tests/Makefile
6d5404ac8ea42fb67fb964e7d5da44fdf8fe760538b52a59f313bfc3fac41459  usr.bin/uniq/tests/uniq_test.sh
559cbfbf358698d941ed2323f578b82e41b108d39c608594d84a31205d65b7c9  usr.bin/wc/tests/Makefile
ccdba0b80bb2ec549a68141830f7b5ba7c2cc44f23130915cdd2f98756d6d3b0  usr.bin/wc/tests/wc_test.sh
e5652260349483cf9eb95d5afd874a125a7d3cc1c5d67a98fcd3e0e7abc01ae6  usr.bin/xo/tests/functional_test.sh
ac8bdbe6df561f105608d2a8c81655c3c00ba3e95298012aad8bf4c378deade1  usr.bin/xo/tests/Makefile
2a5cbd26f70fb66227f6cbc3a06aad88670901cad4eedf3a01cf5b47b341529a  usr.sbin/daemon/tests/daemon_test.sh
8b8ac04ccff60a4c243157090ab729e83e1c43f6cc8e8b26832e8848ffafe06c  usr.sbin/daemon/tests/Makefile
c2a6567e39cdf05d4d521298d25608ff514bec85f50400d81654a89cc440e918  usr.sbin/nmtree/tests/Makefile
c8a3d55095d70bdd1b76ad9e2cacd29125f8a5c1c4890c0e0b62d126dd4b7996  usr.sbin/tests/Makefile
