# Upstream pins for the userland base (docs/base/libsystem.md). Must match the
# http_archive entries in MODULE.bazel. Release set: macOS 26.0
# (distribution-macOS macos-260), the kernel's set (kernel/upstream.lock).
xnu                  xnu-12377.1.9                 libsyscall/; pinned in kernel/upstream.lock
libplatform          libplatform-359.1.2           sha256:d6e3fb2b67f474fa41577397157ec4dbf4ee05a164acbf06224ca0b07be163cf
libpthread           libpthread-539                pinned in kernel/upstream.lock
libmalloc            libmalloc-792.1.1             sha256:6c6673a8736eedf558803bde87c9972ee90c9da3359fa87c3af8ea29175c55f8
dyld                 dyld-1323.3                   sha256:9696c72b4800da6941adc51f26cc40629ccb9f965e78c1324bebaf219c43be75
AvailabilityVersions AvailabilityVersions-155      pinned in kernel/upstream.lock
Libc                 Libc-1725.0.11                sha256:e5cb194a8017db90ee43e303e87bf7fe9b34245d0a94d0245cfedfa3ba012a3e
Libinfo              Libinfo-600                   sha256:ea37be1f7876e8ca20761ab03f484f1cb0fa1ac15c437bb5615167c88529563b
libclosure           libclosure-96                 sha256:03b8da2acde57a757f9cb9a585965eec94e7c7bc0a5ed18223f58b8908701198
cctools              cctools-1035.1.102            sha256:1867fa0204c139f8073689b0d0785454b152b367762ff07ec9f316c97da1969b  (toolchain project, not in the release set; macOS 26 libmacho is 1040)
Libnotify            Libnotify-344.0.1             sha256:6e9b10d87d30c584038c8402ef0552e8b23d02d429dea21f810abc8d5a8c4c06
syslog               syslog-404                    sha256:eac86bc0aa1b121054e2de7e42dc0cffc3b83498e494469b29f9b3dd1fe21501
libdispatch          libdispatch-1542.0.4          pinned in kernel/upstream.lock
objc4                objc4-950                     sha256:acd6e36cd8df5c7a5a78fe45adc7749da26b5e414986968c7aebeab22a75933b
llvm-project         swift-6.2-RELEASE             sha256:394a5ac36216820031f5ab70d78eeb8cf466d868ce436b20e857282d6408c5bd  (swiftlang/llvm-project f403f108; LLVM 19.1.5, Xcode 26's Swift 6.2)
msun                 freebsd-src 050683bb8e13      lib/msun (+4 lib/libc files); pinned per file in base/libm/freebsd.lock
copyfile             copyfile-230.0.1.0.1          sha256:8a8e07899674300769ea70c41890b6fa36d60fb2158fb9cb480ff036899ccaf7
removefile           removefile-84                 sha256:d46ecb6af445dc6faba262fab39dc6550eaf89dff601225e56ea6d47a8fd0ae9
mDNSResponder        mDNSResponder-2881.0.25       sha256:aa6718b757dcccb9fc6549e0f566cd03eaa7314426f2856e0da08c966d7da41c  (client library and the mDNSPosix daemon; no Xcode project published)
Libsystem            Libsystem-1356                sha256:4bc7151681df1ef1aa2328ee533d62ec10eb7f94912902d25fec772febd9353c
system_cmds          system_cmds-1039              sha256:978ebaeb23cff7307e96447dc6bec74bc568ea1eaf7fa768e2720f79afb23ab2
shell_cmds           shell_cmds-326                sha256:19893f3eb4d35f6891a7899b4fbef3518ac82ce9f5c019053b5ca622e13a18c8
file_cmds            file_cmds-475                 sha256:1b82afa97d108873cb0094303a92c0967de0181803f982595b1210be2a7848a2
text_cmds            text_cmds-197                 sha256:8ce8b985ab6d79134af74e2da9d260b8c482233e5aed6895a38be3c6e645af88
adv_cmds             adv_cmds-237                  sha256:ab644d648dd851c5514ec7abe91a835c9ad418d2530e73730d1281e9b3d68ef5
libutil              libutil-73                    sha256:dfb7a334e716768079c46bf9ae0846e6231eb6e4481dbad9981ac666f112d61e
files                files-968                     sha256:86ca6ad735f4731f0ed49fe1a8e393834a9bbef143995883ee96fa8834887b35
libxo                freebsd-src 050683bb8e13      contrib/libxo (1.6.0); pinned per file in base/libxo/freebsd.lock (Apple publishes no libxo)
launchd              launchd-842.92.1              sha256:76657450aee11bdc2f4ebf85e19e3b9c215771564257e710e3a59b1340c1b49b  (last published launchd; outside the release set)
ncurses              ncurses-79                    sha256:5a7bfa041c4b5f7da6ae8b45c8fd7df5595968168199237b52a5fa27f690a4d6  (ncurses 6.0-20150808, 5.4 ABI)
zsh                  zsh-110.1.1                   sha256:63cb3b4ffd2de40e1c091b8db2f2e91d5c8b612424857d149779d63642cdb27c  (zsh 5.9)
libedit              libedit-65                    sha256:f02b05ed8df11cff3e3e90c21d8ed1131ee395e9748b20b28c89fd7771956ebe  (NetBSD libedit 20121213-3.0)
bash                 bash-140                      sha256:901e3b93d8d5bbf8a7bef318f9bdace864c12be6d7b18ba1bf1e8c93f7667af6  (bash 3.2.57; GPLv2)
diskdev_cmds         diskdev_cmds-751              sha256:74b17f980eb896a8baf089b97269a6087563b1dde92cf50853f5ecbaa8673503
hfs                  hfs-704.0.3.0.2               pinned in kernel/upstream.lock (userland: mount_hfs, newfs_hfs, fsck_hfs)
OpenPAM              OpenPAM-35                    sha256:d7d940b10160870b44f4e7de58962150ff0fb1b4ac26a92752abe68ff7cbbc3b  (OpenPAM 20071221)
pam_modules          pam_modules-217.0.1           sha256:4127cf2ecd757d10da7e9f125880cccf3f9d4c8869e47283d036fb25c0ee65c0
network_cmds         network_cmds-726              sha256:bd9a87dba7a7da0ef99a95d3b2ed0cf01365079400fbd6174e1486a469bf4397  (ifconfig, ping, netstat, route, arp, ndp, ping6, traceroute, traceroute6, rtsol, rarpd, spray, kdumpd)
libpcap              libpcap-144                   sha256:1ce77bc42d72443a7beab66e477fee23758b545493a231280c6025767213ca55  (libpcap 1.10.1 with pktap and pcapng; libpcap.A.dylib)
tcpdump              tcpdump-153                   sha256:03413606d8f54b4e9f2d50a744671c1dd54e6ecbb7d151b66e0cf072791c827f  (tcpdump 4.99.1)
ipsec                ipsec-1125                    sha256:09f8e2813c438c730f63f71f73f9ab8807732d3391acd34096853444faabca45  (libipsec only)
OpenSSH              OpenSSH-354.0.3               sha256:10f6ee5d5289435f3739e9eb02166383c04579f77dace9c1b81dfedb03b547db  (OpenSSH 10.0p2)
OpenSSL              openssl-3.5.9                 sha256:603f5602e2eef00d77fbd429d34dcd5822bb301757a1bc9cdb24c670f1eb859a  (upstream release, github.com/openssl/openssl; FreeBSD's base library: crypto/openssl is 3.5.8 at freebsd-src 050683bb8e13; outside the release set)
OpenBSM              OpenBSM-21                    sha256:ebbd23f36c08da9bae0d6f14727892e83f352cc50a4e8fdaf3f9f9137381de6b  (OpenBSM 1.1; last published, Mac OS X 10.6.8; outside the release set)
libresolv            libresolv-93                  sha256:10841d9b6f1c60935f9ad2882ab27faa2bc26a4a01cc30318c05c592daf5f83e  (libresolv.9.dylib)
configd              configd-1385.0.7              dnsinfo/dnsinfo.h only; pinned per file in base/libresolv/configd.lock
dhclient             freebsd-src 050683bb8e13      sbin/dhclient; pinned per file in base/dhclient/freebsd.lock (Apple's DHCP client, bootp's IPConfiguration, is a configd plugin)
rtadvd               freebsd-src 050683bb8e13      usr.sbin/rtadvd; pinned per file in base/rtadvd/freebsd.lock (network_cmds-726 has no rtadvd sources)
rtsold               freebsd-src 050683bb8e13      usr.sbin/rtsold (rtsold, rtsol: RDNSS, DNSSL, M/O scripts); pinned per file in base/rtsold/freebsd.lock (replaces network_cmds-726's older rtsol)
resolvconf           freebsd-src 050683bb8e13      contrib/openresolv (openresolv 3.17.4), sbin/resolvconf/Makefile; pinned per file in base/resolvconf/freebsd.lock
dhcp6c               wide-dhcpv6 47f37dfab0cc      v20080615.2, hrs-allbsd/wide-dhcpv6 (FreeBSD's net/dhcp6 port); the client only; pinned per file in base/dhcp6c/wide.lock (Apple's DHCPv6 client is IPConfiguration's; FreeBSD's base has none)
libcrypt             freebsd-src 050683bb8e13      lib/libcrypt, secure/lib/libcrypt (bcrypt), sys/crypto MD5 and SHA-2; pinned per file in base/libc/freebsd.lock (crypt(3)'s non-DES schemes, Libc patch 0001)
pfctl                openbsd/src fd47049c620b      sbin/pfctl (OpenBSD 4.3), sys/net/pf_ruleset.c, etc/pf.os; pinned per file in base/pfctl/openbsd.lock (Apple publishes no pfctl; xnu's pf is OpenBSD's of early 2008)
ntp                  ntp-139                       sha256:ec5ddb29e33b667c535d8ca2f616927772682d817f25205db80071b4e7b32ac7  (ntp 4.2.8p10; sntp only; the last ntp Apple published, macOS 10.15; outside the release set)
openzfs              zfs-macOS-2.4.1p1             pinned in kexts/zfs/upstream.lock (zpool, zfs and their libraries; github.com/openzfsonosx/openzfs-fork a4c1b11ab900, OpenZFS 2.4.1 with the macOS OS layer; CDDL-1.0)
