# FreeBSD sources libsystem_m builds (base/libm/build.sh), fetched unmodified by //rules:pinned_files.bzl.
# Repository: https://github.com/freebsd/freebsd-src
# commit: 050683bb8e136981e4a1f66e845ab05c135630f4
# Format: shasum -a 256 (hash, two spaces, path). Regenerate with tools/pinned/lock.sh.
f4ca1bdb15e1eb53cb737564a353e5ea92998ccf0c62408b855f054a628a41ad  lib/libc/gen/fpclassify.c
60626a6809211ac2b478ad9e4401dc4ca352012c4448baf60c220ade79144a0c  lib/libc/gen/isinf.c
59df8ece14f0f963cf3d585bef373fcddcf2f5e37f4259ec93226694b27a570c  lib/libc/include/fpmath.h
1c7387a4498e64ca2fef11401e5fe3d99af1f9bb1c58d517b25af72696665a9f  lib/msun/aarch64/fenv.h
70cfd9b08e4a4549b233665d3437ddf876e3b3b49148bb6d5b70e7def98fee85  lib/msun/bsdsrc/b_exp.c
bc1a3652f5b2f5d7e784d8c517796691022d26f01694d249d45cb01c60406ca2  lib/msun/bsdsrc/b_log.c
0047bc28fadebae15c72e60447120642e87afecad027bca901f44488d5f4e06b  lib/msun/bsdsrc/b_tgamma.c
402a0e25dc2894215cbf13c5336216b7c05b52405e1581fe26f70b8a40d86835  lib/msun/src/catrig.c
b45b56d56397ac77e0afd4876d9b9402140c4431040c70088040e51f8eb2f27e  lib/msun/src/catrigf.c
935323d60cdf72acf1d27eabd50d696cdfe294a4a2954683511b2affa9845020  lib/msun/src/e_acos.c
aaf0b9534a24bd829a0867b1b5ac2d363dfc4588c9372246b6bdd0f087757398  lib/msun/src/e_acosf.c
ed606964f11a669f547bfe428bef579bb3c0ad7314f02fc8bcbb440f5dda4827  lib/msun/src/e_acosh.c
48bb520365f5812c18d3fd0298e58d9af2c350943a687adea19a9499df81e4ac  lib/msun/src/e_acoshf.c
4340fb7ca58f3b84a8e8c395b2fa0428ff24baa4a313302ea0d6ffc984ba775a  lib/msun/src/e_asin.c
64c680ed4f01404a30e6afc57ee94815240515f64adbbdab9b4f4c59d85ed1bf  lib/msun/src/e_asinf.c
cae6f5c5ddf95616c4d6bbfdcc081ac5898d18c3e79ed944a777c8a687540c1d  lib/msun/src/e_atan2.c
364a2133303fcd547331ed024b7f61a184f65c7c45d5ee0c1840f7641f758e77  lib/msun/src/e_atan2f.c
03cbe41d358497868037be5aef97e08775c5a6b5a2be698bb935f1af93cdc658  lib/msun/src/e_atanh.c
77d580603936ff0fb063e1da1cee21edfd714d3e431319174d103bff03a44454  lib/msun/src/e_atanhf.c
3dd50709ca51165b2359645f91af311647f548418ed9b45571f10cd1e1d09dd4  lib/msun/src/e_cosh.c
3fc356f8ece091cab260a5486ecc968430ebc2d3a10f33c5b2aff6dc9dd44220  lib/msun/src/e_coshf.c
902371ecd772951c2604bd9fcdf121247debb0c59c09d119817c77fc0474c5c6  lib/msun/src/e_exp.c
fefc93b1d4002128e8398150859a2b9e8d51b880e506b868fd59403d54db915e  lib/msun/src/e_expf.c
412f712350ca12e20ca7940bd0ccb1f88c91a3b050917dcb26e9a3976a32b12b  lib/msun/src/e_fmod.c
2be767c54f3bfa4409b0721d8788aae9bc0e1690a4e3643da597b2bc2e80594d  lib/msun/src/e_fmodf.c
b92e75c13a5ea4b4bcbf544d6995ea7e16161e444a60016e3c05e9bae1ef7835  lib/msun/src/e_hypot.c
9dbf306eabd5e2582404802103dd07a203b7097a9a648e1fc6613cfb48f086c2  lib/msun/src/e_hypotf.c
23b2433401da6d3d2083c6e9d45ffaa45a2da7cb89ee05adfadde02622be0e40  lib/msun/src/e_j0.c
7eac35fa784303101a759f2b63c70a1f48a87c94e269276229329c534b68161b  lib/msun/src/e_j1.c
f5648b0ed6c4a294a9805a6d5fede3977deed7e562c7103fba2865527b2100b6  lib/msun/src/e_jn.c
73f325ebb9a1275013018d0f6188456c35ba782690acf913a2e47958ce4ccd74  lib/msun/src/e_lgamma_r.c
9a60e74fefbd3304c798a0b84f4cf859e4aa2a247540238d4a0c779a6084cce2  lib/msun/src/e_lgamma.c
6b1103701b39839b6d444604b8bb4b351fb4f2b109a79fd75804077bfb9d8abc  lib/msun/src/e_lgammaf_r.c
dbd473b265cc9347a717d61d70279040076979f118b3fcfb4fc7a48aa43e20b0  lib/msun/src/e_lgammaf.c
650a675a9fb841c48c350b0d7dad4f819e62b4dc1bd402bdb173486fddde222e  lib/msun/src/e_log.c
697fd89831a24f553fe2c23aa2922b236aebcad8b25cbc8218852db0c48c193b  lib/msun/src/e_log10.c
d6986e11572816e4d981b603076454f03dfe3f332e2f1c02865ea8064867c2b5  lib/msun/src/e_log10f.c
d198050a2fe24eb1786afa8a8d2035bb592fd2141ae1f21a80bc49273d01f57d  lib/msun/src/e_log2.c
795ecb6934650be299f68b2e80926f2a5ac4ebb4ab6ac8e3d2e5cb18ba9fa66e  lib/msun/src/e_log2f.c
b0d80e88ce764f3ddd94e1fc33af4a5c20e297cda4dd0d2f202633895906e4c4  lib/msun/src/e_logf.c
b250a94b6816382dceadc8890c3a4990782dd8a1bdc8bbd6192e8f6718106d58  lib/msun/src/e_pow.c
86fd160c0d60882ea854c26758c22d06e06f9536e35651c0347ccd842f79100e  lib/msun/src/e_powf.c
279da18436f04c773b200a5eaa9fd2facf83b8a0e3873afe754f24f484a0d627  lib/msun/src/e_rem_pio2.c
efe6d27e63e1c05803f13ce99d97268ee04aac9dafec544e4e3d1dd0a392d675  lib/msun/src/e_rem_pio2f.c
b59ca9b47316f0f1dee41e1cf7a98db587a6ce2443bacaf9f763794bd1558f74  lib/msun/src/e_remainder.c
37d559538d36634ef6446e8b28912a6d5d9c5e1a01bb51042d8f31c0be12897d  lib/msun/src/e_remainderf.c
97a09323e7243f91f1c936653e2d79ebdc92d3acfee7c582490e148abcd6be3f  lib/msun/src/e_scalb.c
47e213b724b2fa5fed0ddab50d7958cd9deee9b0a8f91d3340c005fb497fc3a5  lib/msun/src/e_sinh.c
839cf291129c51df9a769db5037bd4aba3c1dad302f27900b9cea2b68d8cc653  lib/msun/src/e_sinhf.c
d8f6eec3ab39c319e7619e92c9df650a1927f78fd2873faa8439aa71b8eb2d3b  lib/msun/src/e_sqrt.c
e78b7e87bdc41c5d836c3d755a5d0e06e44e27cc8856917c810914af3f6ffd37  lib/msun/src/e_sqrtf.c
e1d3c819b635a744fcf09d082ebffc26a8464474ce4da567cd36464bc8772ddf  lib/msun/src/k_cos.c
8e24e493120b65dfd64c35c134d3331543fc6f243afd73ebd35db06b3f5e39a4  lib/msun/src/k_cosf.c
3eb1ef3a073be3bdf402b66e75bc320026dbe79425054c9273e13c4b677637dc  lib/msun/src/k_cospi.h
3db2d17dfedfd8a1ff14b0f630ad19a38918beda6b601f147615cf560aa16153  lib/msun/src/k_exp.c
e738ee29d92b3ce53d65b86df5b8ad1413580cdbad8f4c2946866a128621ec24  lib/msun/src/k_expf.c
ebab5a01cf619c34f83773981b8a09d07c3f5775ad0f2ebf798183da3920bc6f  lib/msun/src/k_log.h
c85b603849839a9c942b206ec400fca7889e7b2f7c1849f5110081900104c150  lib/msun/src/k_logf.h
1ce6c260dd5327b96fdc8dc211a41651fbb71e36fa6e529170ab4da258d1b910  lib/msun/src/k_rem_pio2.c
28388c44b0b3f59c72948452b45c8c60aded8d658be27bf1a9568c09ba63de09  lib/msun/src/k_sin.c
1f4b2682ba3e6c0a05c4763d70c31fb5f2e563623b53a4947ba80a525802d12f  lib/msun/src/k_sincos.h
38c9ba6e0839ece54c3cd8a9a911ad9e1510539a9e3e28844c9f3929f74c4d72  lib/msun/src/k_sincosf.h
e509ce1c5296b1f98db3eb008033f3f9ac4b002faa963d70931db76b29a64d3b  lib/msun/src/k_sinf.c
a30e12e6092e323d232ef717de86bef46b5f109a3c8a9a59740ecb76c4a2cd08  lib/msun/src/k_sinpi.h
0021bc1bd61aa35fedaa371ca1201f91a108ed13536c657b493413f87bdab46f  lib/msun/src/k_tan.c
b5df2854c215e5ecff871759f18947859cde1f8ead527057b3e2175de5100784  lib/msun/src/k_tanf.c
6a90b768df36af4f83f4b51e9a94d8d289f1560365371d3a5c7282ef4dd57cad  lib/msun/src/math_private.h
013bad50c0416b8b5ec23165011a4dfd5c43ec21cecf3d1c32d989c18333b499  lib/msun/src/math.h
90f2f62525f0bf381f1bc95b2c933f7b4305232bc029991310f8128a9b8832f4  lib/msun/src/s_asinh.c
87a471947ff76a2a75060268dfacccf3010aa4e2f90e5826e05ce1d9bdb38fc0  lib/msun/src/s_asinhf.c
562febb0fe60383526f7fda1a668f1186b2dcd2e0773b738d57f2ed30bdb6ebb  lib/msun/src/s_atan.c
73069d1e1b9f0dd1e0e5293d1f6bc20a97ffef122c28ff7a5ac457904abdb28b  lib/msun/src/s_atanf.c
422a84eb863e41d0ded9106791264cd780df3861e788ac61c19e1655d84f0a0c  lib/msun/src/s_carg.c
42f46cf43df455b15a8fae39e33e0c4af3111576f2383fa5d06f49b292b85dd3  lib/msun/src/s_cargf.c
79c4614ef677ab32a9f832d5dc60f54dcb4a565b3f02a000ab210335fa450ef3  lib/msun/src/s_cargl.c
93d89d7b265a0cec593d69c539b11fed490dbe6029ddf722d8655739a7e3aa86  lib/msun/src/s_cbrt.c
66e36618c7624800b9fbb19291ac5418904885242ea2191ba835b1fc76b2be56  lib/msun/src/s_cbrtf.c
43983e57124110d8a51c81f3c3087622b04ba64c4eb42643f620b0b8334a3946  lib/msun/src/s_ccosh.c
2d9095f08fd57182f43e4e3409ed6d7912fff22eead273641ebd603a2442dc36  lib/msun/src/s_ccoshf.c
9c2108d37a2129e5a54a8ec14cda7b01fc31fbb92d2b78b828bc40256000ffe3  lib/msun/src/s_ceil.c
6df2801171d5a52cf487b980fbf7c24396a32d951a90412547b0c4d70a8666de  lib/msun/src/s_ceilf.c
17e9aa22b26b0e7708265ffa224e0bb32692c07c00903f03096181ebb5269bb2  lib/msun/src/s_cexp.c
9a77f8b9e29b0b239c1895914a6eafb515797b6d9544fe77adb3e8ff70c35bc9  lib/msun/src/s_cexpf.c
82ca9781f67eca7ba7b7df7c3751b8af7a670686d1d2c55f0d35095b57b6b896  lib/msun/src/s_cimag.c
302390ce60dd8bced24c46670805ea190f6aa0950f6107d21166e4666f16a774  lib/msun/src/s_cimagf.c
b3dda7a2e9332716ba9e0e77178d9e592a270aa5ddcb513effaef3f45cda8f7c  lib/msun/src/s_cimagl.c
80bcfb2335187857845550a8a6cee977c725f3305af5b8236540afc3deeec341  lib/msun/src/s_clog.c
f2780fb7b940691231b7eebce764e3c9fd3c129b95b1150a58e8a72fb5861d42  lib/msun/src/s_clogf.c
b7d38c95448c7d0d3a70c46ffb86308d0b53d661d1c721d209768cf88cf075d5  lib/msun/src/s_conj.c
f87bd72819df3bd8c4b952034a442a162386939b96edcb904fbd9063f633c214  lib/msun/src/s_conjf.c
a9bb30123a82691f2fc6715bc30cbbf5a3d3a0b1cf59f8a7500ed1a1a37dc487  lib/msun/src/s_conjl.c
3340fb4fe5e468b993c82725201838b6ba5e3294163a49034f94cf65c6de3e41  lib/msun/src/s_copysign.c
2e159e83d99a403069fc354dbd3c38207a2f29b116c2ea53e57f4ab41f020e79  lib/msun/src/s_copysignf.c
a349ee4868609ac310603ad825596520a8da283a809af773b2333e4f7bedc8b2  lib/msun/src/s_copysignl.c
b9ebcab1e4d5813404d61f8d2f563e1d3a1793d45d481a064762aa19c4ddd818  lib/msun/src/s_cos.c
887a5a8de7210871e0f681658967a6a5ea77091f4373536dc1229f11387b9a83  lib/msun/src/s_cosf.c
fcac000edf5658b9a0293d221626a180b5e5619e699d7f09d754a6fbfed23b3d  lib/msun/src/s_cospi.c
dd97e91c2dae7ea550709da891fd6f62ce2484a21d2dd871968d21eec1e2520d  lib/msun/src/s_cospif.c
22ca2ffc3ed3cdb3d9644323a71657720c20282b66e55595ba0cb2b1dd164e8f  lib/msun/src/s_cpow.c
8ee8ef6ee8e6071f1a3d65954d52dabf23321f3d7dbfcecaa0c3a00a90467309  lib/msun/src/s_cpowf.c
5759c64da5f4d4aa109e759760266b561de3771b2465940f188612e3f44bfb5e  lib/msun/src/s_cpowl.c
c1669821dc6dcc7b386c4a9b9ddea257e30643223a04ac171e9b72c99b3a76d0  lib/msun/src/s_cproj.c
70ad5156b4d8f8700b7a6fa9285dcb263cabf523a54e9f87de86c931218ed9ed  lib/msun/src/s_cprojf.c
b314b8f18a6088cce6a66358ee09c73bb99e37794b175ee7fd6367dcb742c6ac  lib/msun/src/s_creal.c
bfe9b53e6f293809bc699b2b96409c78ebc2e83960f295eba7e64b1d4d83d4cc  lib/msun/src/s_crealf.c
0c7082905c96ce16aa60feeb75716b7d0290ec49aa51f16defc21a18139f85bc  lib/msun/src/s_creall.c
2750c0ffff6112f8d193e80d819b5cf393daa2b64eb8fd2e69eafa50f455d09e  lib/msun/src/s_csinh.c
3065a88016ad6b04353100646f61ff42104bef25e1cd9519daf7d1e1a5830904  lib/msun/src/s_csinhf.c
88b992e7ec3303c9f68c85c71b050019bfb1da774d45eb0fc8a46a34b537cbc1  lib/msun/src/s_csqrt.c
bf017aa82d31c213f54e9b384b08b9ad08bfcca8ab198cb31b443227f8d95652  lib/msun/src/s_csqrtf.c
045677e656bcb88c9e6d35de30e4d5fbbe374e7ca3afe5980d5f8f036b4c5361  lib/msun/src/s_ctanh.c
286f3caa3350baaa19b9966da9ae012d3726c4f076c1bf4c35944cabfbb42d1d  lib/msun/src/s_ctanhf.c
5a2f06bd1d0452456cda86fa1879b956215a7396c29fd8306491f4a9cd9a4c21  lib/msun/src/s_erf.c
4000640c5d40567bdceab03b3351a22cdf61e8934b1328fbb21466a5af57cdfd  lib/msun/src/s_erff.c
f8c8bd96014821f53ae9fcabed9e6c54e45dc9cacdc9238810160515527f68c6  lib/msun/src/s_exp2.c
6915cdecc08830d8e0b74d02b8f972c1bced100e2e522357d1bce289decb3a6d  lib/msun/src/s_exp2f.c
1f16948415747da0fa0c6ab02f54b360c332b825aba694456bb13dc8894b2320  lib/msun/src/s_expm1.c
3ed45f0b3e868f43034ba8f0a366f60d0cf43252cd70e83c6c19303b6998e502  lib/msun/src/s_expm1f.c
a104893d718884e266400b30a3040a736016bd276b5cd938e933ef4225106f35  lib/msun/src/s_fabs.c
48dc7e23dfd9ac624e99a8a785c20e184bc7b4cb8cadc226e000850d5d5fd905  lib/msun/src/s_fabsf.c
7b199cd4dfd797a8fc4dc4439f7f72d779a30b293aa7912de9d808a17f9836a6  lib/msun/src/s_fabsl.c
f2b6c247537d9f253e44a087b66edbf848078afad8fbc76305cf620ad435c771  lib/msun/src/s_fdim.c
0e88952a8f3871891650e62143a1e01b7e4afe444130347d24177111da498a19  lib/msun/src/s_floor.c
a1c718d4afcae643a129d1957c8fa4c75606340f90ffd792c7a88bd45a26169e  lib/msun/src/s_floorf.c
0e76e0373e17a5b7b38a0ec2a40f3927fdb547fdb646b2c5dbe18aa5de48628a  lib/msun/src/s_fma.c
6a8c258c186d2ad8ccf0dad7efe59cea1a73d00ee9e0edbefd356996070d268c  lib/msun/src/s_fmaf.c
696bed761689fcc5f0ba48449dcb4b2031bcefe562f2469a318bf3616a51b9a9  lib/msun/src/s_fmax.c
95e9573223fc75d240d0db133b1fb6072596838369982e9ce3a23945fa4df6d5  lib/msun/src/s_fmaxf.c
44dba4328c85bec59240d75fe5aaa860f85096bf93521d087fe75a64b7a64f95  lib/msun/src/s_fmin.c
8440139b75311901fcfa03e161cefd1ecb4f39927ceee876a551d9a2475d1ae9  lib/msun/src/s_fminf.c
42a5fcb0c82a3eda2a5c147c0068eb84accfa0a20e353ba88d3beb594abe9247  lib/msun/src/s_frexp.c
4aa9e345bf7d7aa601ef69bdd609ecf4152a4401c349af2fb7a68b454ad77049  lib/msun/src/s_frexpf.c
58ee8d958f7f5dfed8d1300b88b7acfff68cc0c500a0a5e3797bdfde9beb4884  lib/msun/src/s_ilogb.c
a6191cd526e3cf65ad0a419bed2794448ac13b52c89d0c080580ebb477368f72  lib/msun/src/s_ilogbf.c
aff6073781c16ed9c3778f3c737dda35853575cb74700ba8abe1b68b4adbbb9b  lib/msun/src/s_ilogbl.c
a1c7c4852c5acb415d46595f24db1cc3f407b9f08fa546999262cd9bf393fc3c  lib/msun/src/s_isfinite.c
07a6f161e6077fff8e80e0ae413ee1884c0e4fd093d5773d6995633150fd0c4c  lib/msun/src/s_isnan.c
6dec3b04f2beacf0ac74af5c78f3e327d3fecbde405947811e653c16d7af3215  lib/msun/src/s_isnormal.c
dbe6a63d2aa2e36a358a30cfdec071c4e5cd684d11634b6dd423928269ce43c3  lib/msun/src/s_llrint.c
5f2c768299f021604b5e6b21d7ce13d9c758b62f65a24d50b235da13572fd11d  lib/msun/src/s_llrintf.c
053bad793bd1de2d548ee2861fdb1b0a1c04aa652bc9703b61cefe3100185815  lib/msun/src/s_llrintl.c
8c53b4847d78e8946d15bfac1c0eac1baefd6b1a0d0ca30b3f398f2567c6ce23  lib/msun/src/s_llround.c
50b216900121eef11a29e5b7464f14a4852ea885fe70c870f2ecbfe1279d5dfc  lib/msun/src/s_llroundf.c
7c01e31b258aefcbba24282c021bf4f28aaec5a49df8fbf1c602f8809294b6f9  lib/msun/src/s_llroundl.c
6fb0248e5ade56613bf1ea3fe392a7e255383b953e9156717048a87340fd4da6  lib/msun/src/s_log1p.c
f1f2225759577c236fc51e01d4457e23b872e944b5cf25b315022921f2aa29a3  lib/msun/src/s_log1pf.c
eb0b87a12d9a20c6fee828fc44f02905871500342787b6e64c43c8e5725b2206  lib/msun/src/s_logb.c
d3273ecef22ad08d70bdd45bb42594d3693aa17908a95c66bc60da8da6f3a743  lib/msun/src/s_logbf.c
5bd2dad9d59e6fcb4b3c8e42d0aed4a9ba88b2e8671a4b53c52e7ae81c7bda68  lib/msun/src/s_lrint.c
b4ffa60f40bb86159f231e24b386ee73b7611ca3ab5aa4305b7409917c052316  lib/msun/src/s_lrintf.c
acb3aa6b9ac1edacb8297354626641b2a4ea5db9d099175181f12591d314fe4c  lib/msun/src/s_lrintl.c
87e4d77d99b8823a32e5dc56ecd3b84285c655a4cfe994df498d5ebe255b6a8d  lib/msun/src/s_lround.c
e1d4224a44060e94df0ed25c619e881f8df62703c2cdda0014877a16ebb1e76c  lib/msun/src/s_lroundf.c
c43fc53602dada2c1cb004d20533e0d8d6c214039f1a58fc0520a8edb24d2d58  lib/msun/src/s_lroundl.c
10daa854a34f5df377f1bb0c281ea68b59f8d8a0c2f306d5fdc3b2cd59890c45  lib/msun/src/s_modf.c
6fb83167d2a5da6ed1fe365907060c92286333500f978620a93c35baac02043a  lib/msun/src/s_modff.c
5b54ffcc4d46966bfa6ae337dc13cf380e600356a74b33b5b2c8371391b5fb4b  lib/msun/src/s_modfl.c
3488a0c3b9f3905a0fcb2f775e38c11ada875479ae694979bc91cec999eb5b75  lib/msun/src/s_nan.c
1a15dde8115d91b88caaa9271dc9b9b8b604d33c75e02461957826d158ca8ff4  lib/msun/src/s_nearbyint.c
36bee16ea17ea5bd086c12bb64a9553762342de6bb8ac0e2873f4bb5daca0597  lib/msun/src/s_nextafter.c
d53e0cb3c6de619300790b63bdbad737e5277ed09c2ccba7be80384937d2a4cb  lib/msun/src/s_nextafterf.c
8fcf2db5a2ebfb5a0a1d909cbc7b13bb66b60733c9a33dbd5742a01a8381cd18  lib/msun/src/s_nexttowardf.c
0fc45a203a70c6da96f3968c91f41ef0dbd4aa12e0dc148c21f24886b1554ae9  lib/msun/src/s_remquo.c
217ea2c6f2f2d21583339ea7e3f6b1e172b0df7fa095ff90c553d3c88aaab3ec  lib/msun/src/s_remquof.c
1eda866cf50dd5995fee602d09588abb70e14c95768e61449098fe8ca9816f7c  lib/msun/src/s_rint.c
ed1f92ea0d2e8b65e76f8e9dab34f21c75c402ce8cad2c56789394fded4be75f  lib/msun/src/s_rintf.c
50a1322eb81f19602f257c9d6157491937b7bcce0c6899ecb78a2209601c7d5d  lib/msun/src/s_round.c
0c9a57570934f26ef57e94ed9b568a4e77ca5d113bd54cd60544692249b21261  lib/msun/src/s_roundf.c
9b7c08f2aa22032a8a71631318406ce9d11a0a5d50d8c3b903fac2cbb146255a  lib/msun/src/s_scalbln.c
3013af22c07c523fe4ce95f8a42c0b4f63f6ae26766f94ff93f673bc14a4e0b2  lib/msun/src/s_scalbn.c
b8b4f9de9602e402af23d957fc8ba9ceb8c290fceb730e5b81983a0dc76e1522  lib/msun/src/s_scalbnf.c
cfe355aea4c5d8baa0615bec827a25ee078764312095ae028faee8fb704fdc73  lib/msun/src/s_signbit.c
23a43a7c3cc1663d79ad2b71c58f97648ca3096b0d87715c28038e4f28e5956e  lib/msun/src/s_signgam.c
acb2837b21fd365ff7cb21d3749321e9bd19f50425c69f79e33064ec9fd12987  lib/msun/src/s_sin.c
520501c041807658d3166c846ce45cd674f64d0bb9d6f68a0a9308016430ecd8  lib/msun/src/s_sincos.c
96ca92f351fc663a5de2db6c78e8ba893e6c44d56c6e21ac2759b6ecae7e0f00  lib/msun/src/s_sincosf.c
e4144fa57ece2834eb12aef8b493fbed14364e86938096cb74bb3fa59bd67d13  lib/msun/src/s_sinf.c
d92c59ed787158004f691cbc285f9f367172a4429b6b4317033f619d5b919d6f  lib/msun/src/s_sinpi.c
c2f53d8e5f50613b45414d31660180ebf72ed09e1ef89374a0d098623e9282e0  lib/msun/src/s_sinpif.c
70968ca42de97895274588e1158a59de8a26afce4fe4f9818ec24d23a11b76f5  lib/msun/src/s_tan.c
3e8cd9a60cfedde15bf589c8031fde6e508fc83956556248580d9e5c079feba7  lib/msun/src/s_tanf.c
f37a31bf1782501445f1f82fa49ea1a50bc7d094fb225e4ee6cba56a01ea738d  lib/msun/src/s_tanh.c
7d3caebf0130bdcd2ee8b8a739538df4adb58dbd711208aa413fb5ac6649887b  lib/msun/src/s_tanhf.c
e50d08520fc98916843e038ef01149f205ed128e8be3e49936cdbb23d239812f  lib/msun/src/s_tanpi.c
f2bd2604a371ce37f30e94ca0eae6ca1d69fa76d86a133ce336fcbff920123d0  lib/msun/src/s_tanpif.c
da88b1c3e0a7f82c281eb79c4be04f36cd00e1f3fc48ccf6c010c74deb7e21f3  lib/msun/src/s_tgammaf.c
7c358be3f704ccf941a91e71b64d42dcc483294cb8be3621d7a3dfaaf011ea5a  lib/msun/src/s_trunc.c
a168b40615d9b324cb091b1d7cdda110797efd9ba59eb2221fc79ac28bb4c848  lib/msun/src/s_truncf.c
91b692563affbe3f851d0672773238a93d3cd157a8ffac93b38a5212e5e3d328  lib/msun/src/w_cabs.c
346f88e17f82927f625c2fe10cfac961981c4223b6f8ec90730ed52e9b504f21  lib/msun/src/w_cabsf.c
