# FreeBSD's mandoc (contrib/mandoc, mandoc 1.14.6 and later fixes) and
# usr.bin/soelim, which base/mandoc/build.sh builds as /usr/bin/mandoc and
# /usr/bin/soelim for man-62's man(1). macOS ships mandoc without publishing
# it. Fetched unmodified by //rules:pinned_files.bzl.
# Repository: https://github.com/freebsd/freebsd-src
# commit: 050683bb8e136981e4a1f66e845ab05c135630f4
# Format: shasum -a 256 (hash, two spaces, path). Regenerate with tools/pinned/lock.sh.
54f5147065a5e1f7f70df7aa8b0a8381a5bbd5a034af24215a6f1ac8ba7afa6c  contrib/mandoc/apropos.1
fd8a0892a7969aaa617734a72e9e5effd2efb352ab6eb5e2b596b84ee8b9695f  contrib/mandoc/arch.c
9087190c591c745be263f335e1a842a15fda7d13fcab74c873c2bd89dad76e9e  contrib/mandoc/att.c
a9613291d3095f48c918166d2112d8ccd6ae54075be7b0f1650150176ca9a9bf  contrib/mandoc/chars.c
461d7736fd358c7a5571b7d4b4342c2c310598bfbf2b6447ec154194e33e720b  contrib/mandoc/compat_ohash.c
5f6c7247b2827fa08e8db8ac5a8cbc088dd3b7a261a2c26c9aa8edecb45842a1  contrib/mandoc/compat_ohash.h
187ba5e719293207ee85158f301d3afec32bc631ef538961fb9ba615a28ccd2a  contrib/mandoc/compat_reallocarray.c
8eda70d912b379c5e3d56151a84f51071fadb9ec1448a961b660f5863693b6e0  contrib/mandoc/compat_recallocarray.c
817f01e28326465173b9ffb0d3bafeb56d022e60658d7a3186feca827d2ed970  contrib/mandoc/config.h
6521d8025598e453a77b5935d146320ec17fa2c169f133f23357a0a74ed70bcd  contrib/mandoc/dba_array.c
9f99cadf32faa84fc3746bce708667ec43b462f019990771f9f31aed71d1341a  contrib/mandoc/dba_array.h
1d884df9813bffa49ce3863f052b4e035a4e505b9cf3ff3127f386f32d309203  contrib/mandoc/dba_read.c
f46eed7ef6ce25bb1b6b2724f5eb78c715bf87042cb27f197790010b7843494f  contrib/mandoc/dba_write.c
32804cd8c7543155d77b1d9e14d89d569112efac5dd0b41eee188eac523a461b  contrib/mandoc/dba_write.h
e53fa684bd29f845a6074cc4e3fd084085ee48c8ed6058a69a4685419d9fb0b4  contrib/mandoc/dba.c
cee14fe79efab6db9cc312adf964f8af4005584e50a2c04f5a2328ace2259c3d  contrib/mandoc/dba.h
bc0d5c777360b2fcc07f43842765cf23286595cb6ed4c181717bb726b65e47ba  contrib/mandoc/dbm_map.c
856e86ee133e85230c8af98506692a939f70c82674ea2c7eb3e1e8fe7032e1d5  contrib/mandoc/dbm_map.h
356a4b848ad3a6222527641d9c52f6c0b40885cec83f860a5b8df61d27983cbc  contrib/mandoc/dbm.c
82eba47230cfd7b82adfb99d089d7a7f707591ac83b6674a04d39cac14a35374  contrib/mandoc/dbm.h
11a9c14c713f8fef0b8bf1c0a70c7691f566d4a6baa3b796d18453b208e14ea2  contrib/mandoc/eqn_html.c
a46e8da165cc93136c8fefd95e5f73778c4424d21bb2571fc97493ea19d6d8e0  contrib/mandoc/eqn_parse.h
cc3201a7363477aef602bcff24772720caf1bd2f16edc2aa12b5cbc21bac2812  contrib/mandoc/eqn_term.c
c213154eb6fec3de80374632e597f3ac7979c9c20f388d497dba79fdead9b67f  contrib/mandoc/eqn.7
171c3a2a078ccb2e32330ff05dd789870dcd0be007a1c73ec96eabe558149199  contrib/mandoc/eqn.c
84637ccb74d00d1e7d22980ccd06467bfe8bf0d8d1a842574dbd79b5b8097ff0  contrib/mandoc/eqn.h
a0378c34cafb9ff0a8963269e5765b08753ee9e98645175cf01c5e1a454a49bb  contrib/mandoc/html.c
447d691bd6e9e7104ef71e6c4584e627fed7247b44ebdd50a4543e430719b081  contrib/mandoc/html.h
f65624f8ed3a12f8f467cee40bbc73f66b60a80cff93becc73dd598748d5c766  contrib/mandoc/lib.c
8a105b94519a038f06d73a7343b29d9b9e22884e3c2971727c64594d12627708  contrib/mandoc/lib.in
643c142ee0ed9a9f69537a802e1ced53d812ef39f1e9647282f208a18c0ca820  contrib/mandoc/libman.h
d13d1cfa9d73d1f82cdc5383d0f1befafebb4d5a2b4a1198088d034ba3fe557d  contrib/mandoc/libmandoc.h
f25590bde4ee00a3a2c24c1d155e51eec3f41d72b0486c8a13f13150706c9cf1  contrib/mandoc/libmdoc.h
59ee959daf199bb971048abc9d3c82eef19a622b615f2252c42490ad3110790d  contrib/mandoc/LICENSE
9c3ffc31da5173352ffa69d7869ec070baea79bd75fe3fcb36fcf73e8f6b9ed8  contrib/mandoc/main.c
9985677d36652f1bd6fa5f4d4589af14eb22ec8a8fe0d48f5a161dd18b021181  contrib/mandoc/main.h
e6ce3e41044b6806f7a07d7be0330e76a450c5c9110a1c525202ec4b70c0eca1  contrib/mandoc/makewhatis.8
0af55aa8e6e860d0699004bdab132dd24a02b44c13a45d11bb540d76406e68ad  contrib/mandoc/man_html.c
bee3c3f264a93278bf5b8d6df74a8c193bd794a8f6e0b9e01f3b6bb5ff48e2c8  contrib/mandoc/man_macro.c
28046dfb27fc10f73826d7eee21673b13b8f523649b7a9e89567566788905bdd  contrib/mandoc/man_term.c
373aa272164c419a6a6b0f935b01c326852ffabea2d94c8120ed3c633c478b4e  contrib/mandoc/man_validate.c
7babaec49642f76179fd3b55e71f3f41c12e3b4f63a6d7b0a72255bb31852761  contrib/mandoc/man.7
d9582ccb8bab40fea5e16be9ade889201625ea10c76c084f0b074e35d44aebd9  contrib/mandoc/man.c
41b3d4bcb86a39024ea03ff10828bf46909d2ec707ec260fdfb037b5eb9ce7f3  contrib/mandoc/man.h
98338ac6a21d8714b39dc1360224b24689b1531525596e54931327e689138c29  contrib/mandoc/manconf.h
ef32bcf4477e5d5a34335bb3cc6cdd60e44fde687e56995919343dfeca043fab  contrib/mandoc/mandoc_aux.c
5e5ae5ff0073a41d019ed9e802b3315767f43a718c4bd8508f66ca897fe6c164  contrib/mandoc/mandoc_aux.h
53c9ff54a062f444e64dbe513c7aaab43e7bfd1ac0f96111df295dba4323989c  contrib/mandoc/mandoc_char.7
a650d27fc7eadf0269ed41e504185a10f9f0410b26b87e01db6eda76e79299dd  contrib/mandoc/mandoc_dbg.c
c7c2a153dbcaf5971933a3c891b6357c9467429f589bcbc1d382110581b6e66e  contrib/mandoc/mandoc_dbg.h
c80857a080844db0b42f0dd256ca48e386e541f5578cc39ca4b2fc966517bc55  contrib/mandoc/mandoc_msg.c
bb1305d4e990f51a5aaca005bc6939187aa64ede2dcd0c3ff2323c2248524db0  contrib/mandoc/mandoc_ohash.c
73cc33c5dd9f0c814b31fbdb59ab5bfaf6d234876e28f8bb7873bd90fdf21101  contrib/mandoc/mandoc_ohash.h
89e2174ae024373ea1178ee45cec2eee4bad0589043e6616462df5cfd05481ae  contrib/mandoc/mandoc_parse.h
eecfd5dd7aaa41ba1a6424e3e7cabaecd5245fd7017e755618d129b870ec3cc5  contrib/mandoc/mandoc_xr.c
f0237c75e279a78be0dcb4cdfac9c12b6d766c02b35acad129761f9c00f05b1e  contrib/mandoc/mandoc_xr.h
636c3cee75126c1b5ff71ec8e35fca4c4b53882fa6e98da1ab0d4e9fbf8d65ab  contrib/mandoc/mandoc.1
d76e1ad1a498b764d93a083a7562b1b58be972e3581ffca787b86acb79cc8907  contrib/mandoc/mandoc.c
7b27cddf9fcbd8cbba5c3b718d8873b27e003a8caf32eea817baca1b4d437252  contrib/mandoc/mandoc.db.5
5ded0f462a289c03d6142c4ae8b0e7694d8a3129613079cf7aa672d7258f0bf0  contrib/mandoc/mandoc.h
2a350fa1c7439327dd1c92bbd785580d98560ea58f0c39059040f9dc70fb6b7c  contrib/mandoc/mandocdb.c
4b73f0975d32e1b6bc24cac8c80929e8e7bea63ba4cbd2b885377140c1859ddc  contrib/mandoc/manpath.c
f575fc5efa0e58460881d2a311e6daf5fb43b16205542e41bd29ce98f19439c6  contrib/mandoc/manpath.h
5e0a10d0bb429439a17b2307b8b9d17e8fc20228115ed6cbaae60b9900342136  contrib/mandoc/mansearch.c
a9cd29f7b16922b75fb566daffd6179e74d9d8142f03b2a7a8dae35e37b9129d  contrib/mandoc/mansearch.h
447e47e4450e1ac3150db8d37a78d599770ce0e4e9befc30d330ffa667702693  contrib/mandoc/mdoc_argv.c
cbcd782b0797475e1e98945b0dc615f664894e3b1f432b2509fdd4a7d9f120db  contrib/mandoc/mdoc_html.c
9846d265432bd424ac3ee1c16649b052640ce3c64ac6efa91587ff272d278a29  contrib/mandoc/mdoc_macro.c
e2d50c4273546eb5fbe90b487b79dae5372eaf7b4f8f436f5cce43dcfdfd7d73  contrib/mandoc/mdoc_man.c
b319e08fd6f46eaae216414cc3db8135fcf86dcef6f5b2a2dfe6e85deea25659  contrib/mandoc/mdoc_markdown.c
c854d0af18ceffb7cf3e28db5a67a86a74b106704f86d8baaddbf6ff866e2283  contrib/mandoc/mdoc_state.c
6df5e72f2bcc4f6c6dc1d19e2d66fca8d6379c410c22739fd4c4e23b4273fd93  contrib/mandoc/mdoc_term.c
29db9da3f74a20f231b80cfa9ef0978dd39217de738ff9f4ff1cdfe75fa26272  contrib/mandoc/mdoc_validate.c
5b09a7f88f5e1764291031feeef4af5bcdef09fff749a6f28c356c25e70a107b  contrib/mandoc/mdoc.7
ac96cc9ce1e3df0fd7e745e788fb8fee3216eaed67bf803ba2d3d0f02e5b9e83  contrib/mandoc/mdoc.c
b3212b76b1c51363b125e947fbb1fe297de02e2b5f9e23dcc487b3f03255d191  contrib/mandoc/mdoc.h
f36b1b75bf9f089ee55d3a99a6071af77d7208a8461cff26123c49654fc2e714  contrib/mandoc/msec.c
7e1f118e2151af41e54f1406b630fb0792df76c7c0cdada21ba568a9fac5386b  contrib/mandoc/msec.in
3c5f8e10f947373de3a60a10d25a7001fc991c6d1670820c8e3de2f0f8ae2250  contrib/mandoc/out.c
28157379946dc7927e96c27632efaddc711c813dc77fea8cf199fefcb014a08f  contrib/mandoc/out.h
3222ada91f0389ec718da1051aea3f10902b013a0ea236bc038c7a6b8e2aa9d0  contrib/mandoc/preconv.c
4cb218a6f7d0044f4f23111cdf0b39758d2c2ff0f11e8f948fb8a547cf031f5c  contrib/mandoc/predefs.in
0788ed63658b19e14108fefe33ab989ab748b75d33c79309a4bd8a38dbcaca9d  contrib/mandoc/read.c
1e7b2cb2ce73373521da45dc910acbdee3f9a2f1c4c516debbbafa08b2949e80  contrib/mandoc/roff_escape.c
8c2aaa955bb70c03d9750eec50a3d3ee5cff561af19c5826ce3d4f474398950b  contrib/mandoc/roff_html.c
8992f162c283e270a3ef025c632f41fba97e74fdbbec67a642fc6dd9f0cb0dcc  contrib/mandoc/roff_int.h
3b05b226f57780ff91ed07d8db29c2d2d99ca7a8494c8e71255fed9452bd6129  contrib/mandoc/roff_term.c
b49af34bd6e77306566a78a36273140b683ef74e54499a91f02ef93084d7589b  contrib/mandoc/roff_validate.c
6a50156b624b50c5a216ed3829f766f0250673eb7be2cb4c9647262dd381d71a  contrib/mandoc/roff.7
765e4a2108262bc836f79654c2db275c6ccae03505f629535ac38aa244f52e6c  contrib/mandoc/roff.c
507b1815f10de771a7964de736e2bd34cc6afe943f0d1e647e877da44abfb5d2  contrib/mandoc/roff.h
e64a8781eb771deac02c45ccd85ace9bbeb186c50ff557941fa192c6cc7b5572  contrib/mandoc/soelim.c
8055483f40e95a5fe1012b80e61b2cdfd49528f721d1da489fabc0863ec54240  contrib/mandoc/st.c
ee524b41c939836468fdb4625caee12259bb078ce67953613ec3873a5f23caec  contrib/mandoc/tag.c
adbb005a735cde97e272526b4e05287495bc55a22e5c5c2315f676ffeefedd12  contrib/mandoc/tag.h
db4502765628f7f27b13489289f9ca96a00ce4b3570643c3e3cf0f27272716a1  contrib/mandoc/tbl_data.c
cbc4bf6b94cc50d0c9ce6b9f325ab62584cea00fa15b018d707e24959e03ed45  contrib/mandoc/tbl_html.c
263073b7c57323853ef87e0e7cc0538cb18ec07e1ca29b07d7e84759f9276b67  contrib/mandoc/tbl_int.h
74c4c2ef1ec2514b8ddd3ca556d73c6ee314bc16d48b5e9e034f8048a338ed24  contrib/mandoc/tbl_layout.c
d972487989aefc7b8440cb372785f10684f891189e996fb431b00568e858236d  contrib/mandoc/tbl_opts.c
3ef0ea02d5d2218da9b2388229fac035ed05c2d0850883adb6412723a755ff44  contrib/mandoc/tbl_parse.h
9d4c5872a5ea987bd9b80878d276e964afec10ffafce64cdc4d0c798324f6329  contrib/mandoc/tbl_term.c
93cdfae2c68d584b6873ce7e54f26de7af5a0a3f0f6ff465135ec925e1e367b0  contrib/mandoc/tbl.7
ec19b8f51845493a8fbc3aba651fd0a897961621387f542e291f0fc3b511e9f1  contrib/mandoc/tbl.c
9d5e1d9fc43af73a418c270e6f665c6e84e67d050a5a7c0eb84e2eb6db94df62  contrib/mandoc/tbl.h
1366c5708b8de05a0375f9221fc7d321b1cab16b2d1819fff5a7cc1ab406e3fe  contrib/mandoc/term_ascii.c
defbdebc31064005ddb81febac6a757fd11800b3dec2d561a42c7758a837ef10  contrib/mandoc/term_ps.c
12396ca89bc163747de0a56fbd74443d2073eebf8d9ff1912bf47ac51cd03ee1  contrib/mandoc/term_tab.c
084b5f52e63769081b449fee5d03cff08fa3db6d0f80274a87ebfd6684475ce9  contrib/mandoc/term_tag.c
7ac01b5beab40b6bb7bbcd85f579b79ac140b5c2c30824ee575210a8e7c9377c  contrib/mandoc/term_tag.h
07cb848a0984fd791825424ccb20b0d25b3fad38068352086d7317ba21e1b014  contrib/mandoc/term.c
07b47e10853a3b3c8d0764dd04abf28f3215acaec1effa5749042df78eff3a8d  contrib/mandoc/term.h
56e3f9a893994a64626aae3d97b9cfd2acbdd7a10bc2543bfc6f5756d8e78ff1  contrib/mandoc/tree.c
cdb295d460b0deeed5270b1fb3363207b0e5ee1fd3b671fad7e78747642c86e1  usr.bin/mandoc/Makefile
545a3772428cf5b159d50137a466f5325b7df4c08b93f05397d667da401d6733  usr.bin/soelim/Makefile
5d45c3e4f37440a2025e6436fa7e2dff16d960ba44e574e671085b7b4dc18594  usr.bin/soelim/soelim.1
728d0d246b8d5cbca172ace909cc85c5df983023a76be07d55a9cb9c99644493  usr.bin/soelim/soelim.c
